// !$*UTF8*$!
{
	archiveVersion = 1;
	classes = {
	};
	objectVersion = 77;
	objects = {

/* Begin PBXBuildFile section */
		2510D9A12F12D19400C8C91B /* NetMonitorShared in Frameworks */ = {isa = PBXBuildFile; productRef = 2510D9A02F12D19400C8C91B /* NetMonitorShared */; };
		2510D9A62F13024300C8C91B /* SessionRecord.swift in Sources */ = {isa = PBXBuildFile; fileRef = 2510D9A32F13024300C8C91B /* SessionRecord.swift */; };
		2510D9A72F13024300C8C91B /* TargetMeasurement.swift in Sources */ = {isa = PBXBuildFile; fileRef = 2510D9A52F13024300C8C91B /* TargetMeasurement.swift */; };
		2510D9A82F13024300C8C91B /* NetworkTarget.swift in Sources */ = {isa = PBXBuildFile; fileRef = 2510D9A42F13024300C8C91B /* NetworkTarget.swift */; };
		2510D9A92F13024300C8C91B /* LocalDevice.swift in Sources */ = {isa = PBXBuildFile; fileRef = 2510D9A22F13024300C8C91B /* LocalDevice.swift */; };
		2A000001000000000000000A /* NetMonitorApp.swift in Sources */ = {isa = PBXBuildFile; fileRef = 2A000002000000000000000A /* NetMonitorApp.swift */; };
		2A000003000000000000000A /* ContentView.swift in Sources */ = {isa = PBXBuildFile; fileRef = 2A000004000000000000000A /* ContentView.swift */; };
		2A000005000000000000000A /* Assets.xcassets in Resources */ = {isa = PBXBuildFile; fileRef = 2A000006000000000000000A /* Assets.xcassets */; };
		2A000007000000000000000A /* Preview Assets.xcassets in Resources */ = {isa = PBXBuildFile; fileRef = 2A000008000000000000000A /* Preview Assets.xcassets */; };
		2A000009000000000000000A /* NetMonitorTests.swift in Sources */ = {isa = PBXBuildFile; fileRef = 2A00000A000000000000000A /* NetMonitorTests.swift */; };
		2A00000B000000000000000A /* NetMonitorUITests.swift in Sources */ = {isa = PBXBuildFile; fileRef = 2A00000C000000000000000A /* NetMonitorUITests.swift */; };
		2A00000D000000000000000A /* NetMonitorUITestsLaunchTests.swift in Sources */ = {isa = PBXBuildFile; fileRef = 2A00000E000000000000000A /* NetMonitorUITestsLaunchTests.swift */; };
	2510D9AB2F13025400C8C91B /* SettingsView.swift in Sources */ = {isa = PBXBuildFile; fileRef = 2510D9AA2F13025400C8C91B /* SettingsView.swift */; };
	2510D9AD2F13030000C8C91B /* Section.swift in Sources */ = {isa = PBXBuildFile; fileRef = 2510D9AE2F13030000C8C91B /* Section.swift */; };
	2510D9AF2F13031000C8C91B /* SidebarView.swift in Sources */ = {isa = PBXBuildFile; fileRef = 2510D9B02F13031000C8C91B /* SidebarView.swift */; };
	2510D9B12F13032000C8C91B /* DashboardView.swift in Sources */ = {isa = PBXBuildFile; fileRef = 2510D9B22F13032000C8C91B /* DashboardView.swift */; };
	2510D9B32F13033000C8C91B /* TargetsView.swift in Sources */ = {isa = PBXBuildFile; fileRef = 2510D9B42F13033000C8C91B /* TargetsView.swift */; };
	2510D9B52F13034000C8C91B /* DevicesView.swift in Sources */ = {isa = PBXBuildFile; fileRef = 2510D9B62F13034000C8C91B /* DevicesView.swift */; };
	2510D9B72F13035000C8C91B /* ToolsView.swift in Sources */ = {isa = PBXBuildFile; fileRef = 2510D9B82F13035000C8C91B /* ToolsView.swift */; };
		A6661F2C5FBB49F1B1712FC1 /* TargetStatisticsView.swift in Sources */ = {isa = PBXBuildFile; fileRef = 97DE539B230545DD8B5355D0 /* TargetStatisticsView.swift */; };
	2510D9B92F13036000C8C91B /* PreviewContainer.swift in Sources */ = {isa = PBXBuildFile; fileRef = 2510D9BA2F13036000C8C91B /* PreviewContainer.swift */; };
		BD9FA0B34C224F81A418BE80 /* NetworkMonitorService.swift in Sources */ = {isa = PBXBuildFile; fileRef = A469B7BDEB6E401EBA080FBB /* NetworkMonitorService.swift */; };
		063CF5C1823A4BAAA96F8B7B /* NetworkMonitorServiceTests.swift in Sources */ = {isa = PBXBuildFile; fileRef = 653444EE323D4714923EB389 /* NetworkMonitorServiceTests.swift */; };
	89E04559593A462CAAA86ACE /* HTTPMonitorService.swift in Sources */ = {isa = PBXBuildFile; fileRef = 41601A9807D142ABB7181D76 /* HTTPMonitorService.swift */; };
		EA0BF39708E4C575FEB755C7 /* ICMPSocket.swift in Sources */ = {isa = PBXBuildFile; fileRef = 726CC13E0EB775E7C7C19BD1 /* ICMPSocket.swift */; };
		797B8A019436F78CCC11BFA9 /* ICMPMonitorService.swift in Sources */ = {isa = PBXBuildFile; fileRef = BD048F216895C502521CE659 /* ICMPMonitorService.swift */; };
	469702AB229FA4BA93AF5983 /* MonitoringSession.swift in Sources */ = {isa = PBXBuildFile; fileRef = 1FE7F7F545EA38B3B8F9DE02 /* MonitoringSession.swift */; };
	DF61159D6D01427DAA18BFCE /* HTTPMonitorServiceTests.swift in Sources */ = {isa = PBXBuildFile; fileRef = 719663BC734C4A16BC0AB480 /* HTTPMonitorServiceTests.swift */; };
		EAD61DA40AAA0D4676EA0906 /* AddTargetSheet.swift in Sources */ = {isa = PBXBuildFile; fileRef = 8AF0D348F4FB6B490148030A /* AddTargetSheet.swift */; };
		DDSC0001000000000000001A /* DeviceDiscoveryService.swift in Sources */ = {isa = PBXBuildFile; fileRef = DDSC0002000000000000001A /* DeviceDiscoveryService.swift */; };
		DDSC0003000000000000001A /* DeviceDiscoveryServiceTests.swift in Sources */ = {isa = PBXBuildFile; fileRef = DDSC0004000000000000001A /* DeviceDiscoveryServiceTests.swift */; };
		ARPS0001000000000000001A /* ARPScannerService.swift in Sources */ = {isa = PBXBuildFile; fileRef = ARPS0002000000000000001A /* ARPScannerService.swift */; };
		ARPS0003000000000000001A /* ARPScannerServiceTests.swift in Sources */ = {isa = PBXBuildFile; fileRef = ARPS0004000000000000001A /* ARPScannerServiceTests.swift */; };
		BNJR0001000000000000001A /* BonjourDiscoveryService.swift in Sources */ = {isa = PBXBuildFile; fileRef = BNJR0002000000000000001A /* BonjourDiscoveryService.swift */; };
		BNJR0003000000000000001A /* BonjourDiscoveryServiceTests.swift in Sources */ = {isa = PBXBuildFile; fileRef = BNJR0004000000000000001A /* BonjourDiscoveryServiceTests.swift */; };
/* End PBXBuildFile section */

/* Begin PBXContainerItemProxy section */
		2A00000F000000000000000A /* PBXContainerItemProxy */ = {
			isa = PBXContainerItemProxy;
			containerPortal = 2A000010000000000000000A /* Project object */;
			proxyType = 1;
			remoteGlobalIDString = 2A000011000000000000000A;
			remoteInfo = NetMonitor;
		};
		2A000012000000000000000A /* PBXContainerItemProxy */ = {
			isa = PBXContainerItemProxy;
			containerPortal = 2A000010000000000000000A /* Project object */;
			proxyType = 1;
			remoteGlobalIDString = 2A000011000000000000000A;
			remoteInfo = NetMonitor;
		};
/* End PBXContainerItemProxy section */

/* Begin PBXFileReference section */
		2510D9A22F13024300C8C91B /* LocalDevice.swift */ = {isa = PBXFileReference; lastKnownFileType = sourcecode.swift; name = LocalDevice.swift; path = NetMonitor/Models/LocalDevice.swift; sourceTree = "<group>"; };
		2510D9A32F13024300C8C91B /* SessionRecord.swift */ = {isa = PBXFileReference; lastKnownFileType = sourcecode.swift; name = MonitoringSession.swift; path = NetMonitor/Models/SessionRecord.swift; sourceTree = "<group>"; };
		2510D9A42F13024300C8C91B /* NetworkTarget.swift */ = {isa = PBXFileReference; lastKnownFileType = sourcecode.swift; name = NetworkTarget.swift; path = NetMonitor/Models/NetworkTarget.swift; sourceTree = "<group>"; };
		2510D9A52F13024300C8C91B /* TargetMeasurement.swift */ = {isa = PBXFileReference; lastKnownFileType = sourcecode.swift; name = TargetMeasurement.swift; path = NetMonitor/Models/TargetMeasurement.swift; sourceTree = "<group>"; };
		2510D9AE2F13030000C8C91B /* Section.swift */ = {isa = PBXFileReference; lastKnownFileType = sourcecode.swift; name = Section.swift; path = NetMonitor/Models/Section.swift; sourceTree = "<group>"; };
		2510D9AA2F13025400C8C91B /* SettingsView.swift */ = {isa = PBXFileReference; lastKnownFileType = sourcecode.swift; path = SettingsView.swift; sourceTree = "<group>"; };
		2510D9B02F13031000C8C91B /* SidebarView.swift */ = {isa = PBXFileReference; lastKnownFileType = sourcecode.swift; path = SidebarView.swift; sourceTree = "<group>"; };
		2510D9B22F13032000C8C91B /* DashboardView.swift */ = {isa = PBXFileReference; lastKnownFileType = sourcecode.swift; path = DashboardView.swift; sourceTree = "<group>"; };
		2510D9B42F13033000C8C91B /* TargetsView.swift */ = {isa = PBXFileReference; lastKnownFileType = sourcecode.swift; path = TargetsView.swift; sourceTree = "<group>"; };
		2510D9B62F13034000C8C91B /* DevicesView.swift */ = {isa = PBXFileReference; lastKnownFileType = sourcecode.swift; path = DevicesView.swift; sourceTree = "<group>"; };
		2510D9B82F13035000C8C91B /* ToolsView.swift */ = {isa = PBXFileReference; lastKnownFileType = sourcecode.swift; path = ToolsView.swift; sourceTree = "<group>"; };
		97DE539B230545DD8B5355D0 /* TargetStatisticsView.swift */ = {isa = PBXFileReference; lastKnownFileType = sourcecode.swift; path = TargetStatisticsView.swift; sourceTree = "<group>"; };
		2510D9BA2F13036000C8C91B /* PreviewContainer.swift */ = {isa = PBXFileReference; lastKnownFileType = sourcecode.swift; path = PreviewContainer.swift; sourceTree = "<group>"; };
		2A000002000000000000000A /* NetMonitorApp.swift */ = {isa = PBXFileReference; lastKnownFileType = sourcecode.swift; path = NetMonitorApp.swift; sourceTree = "<group>"; };
		2A000004000000000000000A /* ContentView.swift */ = {isa = PBXFileReference; lastKnownFileType = sourcecode.swift; path = ContentView.swift; sourceTree = "<group>"; };
		2A000006000000000000000A /* Assets.xcassets */ = {isa = PBXFileReference; lastKnownFileType = folder.assetcatalog; path = Assets.xcassets; sourceTree = "<group>"; };
		2A000008000000000000000A /* Preview Assets.xcassets */ = {isa = PBXFileReference; lastKnownFileType = folder.assetcatalog; path = "Preview Assets.xcassets"; sourceTree = "<group>"; };
		2A00000A000000000000000A /* NetMonitorTests.swift */ = {isa = PBXFileReference; lastKnownFileType = sourcecode.swift; path = NetMonitorTests.swift; sourceTree = "<group>"; };
		2A00000C000000000000000A /* NetMonitorUITests.swift */ = {isa = PBXFileReference; lastKnownFileType = sourcecode.swift; path = NetMonitorUITests.swift; sourceTree = "<group>"; };
		2A00000E000000000000000A /* NetMonitorUITestsLaunchTests.swift */ = {isa = PBXFileReference; lastKnownFileType = sourcecode.swift; path = NetMonitorUITestsLaunchTests.swift; sourceTree = "<group>"; };
		2A000013000000000000000A /* NetMonitor.app */ = {isa = PBXFileReference; explicitFileType = wrapper.application; includeInIndex = 0; path = NetMonitor.app; sourceTree = BUILT_PRODUCTS_DIR; };
		2A000014000000000000000A /* NetMonitor.entitlements */ = {isa = PBXFileReference; lastKnownFileType = text.plist.entitlements; path = NetMonitor.entitlements; sourceTree = "<group>"; };
		2A000015000000000000000A /* NetMonitorTests.xctest */ = {isa = PBXFileReference; explicitFileType = wrapper.cfbundle; includeInIndex = 0; path = NetMonitorTests.xctest; sourceTree = BUILT_PRODUCTS_DIR; };
		2A000016000000000000000A /* NetMonitorUITests.xctest */ = {isa = PBXFileReference; explicitFileType = wrapper.cfbundle; includeInIndex = 0; path = NetMonitorUITests.xctest; sourceTree = BUILT_PRODUCTS_DIR; };
		A469B7BDEB6E401EBA080FBB /* NetworkMonitorService.swift */ = {isa = PBXFileReference; lastKnownFileType = sourcecode.swift; name = NetworkMonitorService.swift; path = NetMonitor/Services/NetworkMonitorService.swift; sourceTree = "<group>"; };
		653444EE323D4714923EB389 /* NetworkMonitorServiceTests.swift */ = {isa = PBXFileReference; lastKnownFileType = sourcecode.swift; name = NetworkMonitorServiceTests.swift; path = NetMonitorTests/Services/NetworkMonitorServiceTests.swift; sourceTree = "<group>"; };
	41601A9807D142ABB7181D76 /* HTTPMonitorService.swift */ = {isa = PBXFileReference; lastKnownFileType = sourcecode.swift; name = HTTPMonitorService.swift; path = NetMonitor/Services/HTTPMonitorService.swift; sourceTree = "<group>"; };
		726CC13E0EB775E7C7C19BD1 /* ICMPSocket.swift */ = {isa = PBXFileReference; lastKnownFileType = sourcecode.swift; name = ICMPSocket.swift; path = NetMonitor/Services/ICMPSocket.swift; sourceTree = "<group>"; };
		BD048F216895C502521CE659 /* ICMPMonitorService.swift */ = {isa = PBXFileReference; lastKnownFileType = sourcecode.swift; name = ICMPMonitorService.swift; path = NetMonitor/Services/ICMPMonitorService.swift; sourceTree = "<group>"; };
	1FE7F7F545EA38B3B8F9DE02 /* MonitoringSession.swift */ = {isa = PBXFileReference; lastKnownFileType = sourcecode.swift; path = "NetMonitor/Services/MonitoringSession.swift"; sourceTree = "<group>"; };
	719663BC734C4A16BC0AB480 /* HTTPMonitorServiceTests.swift */ = {isa = PBXFileReference; lastKnownFileType = sourcecode.swift; name = HTTPMonitorServiceTests.swift; path = NetMonitorTests/Services/HTTPMonitorServiceTests.swift; sourceTree = "<group>"; };
		8AF0D348F4FB6B490148030A /* AddTargetSheet.swift */ = {isa = PBXFileReference; lastKnownFileType = sourcecode.swift; path = AddTargetSheet.swift; sourceTree = "<group>"; };
		DDSC0002000000000000001A /* DeviceDiscoveryService.swift */ = {isa = PBXFileReference; lastKnownFileType = sourcecode.swift; name = DeviceDiscoveryService.swift; path = NetMonitor/Services/DeviceDiscoveryService.swift; sourceTree = "<group>"; };
		DDSC0004000000000000001A /* DeviceDiscoveryServiceTests.swift */ = {isa = PBXFileReference; lastKnownFileType = sourcecode.swift; name = DeviceDiscoveryServiceTests.swift; path = NetMonitorTests/Services/DeviceDiscoveryServiceTests.swift; sourceTree = "<group>"; };
		ARPS0002000000000000001A /* ARPScannerService.swift */ = {isa = PBXFileReference; lastKnownFileType = sourcecode.swift; name = ARPScannerService.swift; path = NetMonitor/Services/ARPScannerService.swift; sourceTree = "<group>"; };
		ARPS0004000000000000001A /* ARPScannerServiceTests.swift */ = {isa = PBXFileReference; lastKnownFileType = sourcecode.swift; name = ARPScannerServiceTests.swift; path = NetMonitorTests/Services/ARPScannerServiceTests.swift; sourceTree = "<group>"; };
		BNJR0002000000000000001A /* BonjourDiscoveryService.swift */ = {isa = PBXFileReference; lastKnownFileType = sourcecode.swift; name = BonjourDiscoveryService.swift; path = NetMonitor/Services/BonjourDiscoveryService.swift; sourceTree = "<group>"; };
		BNJR0004000000000000001A /* BonjourDiscoveryServiceTests.swift */ = {isa = PBXFileReference; lastKnownFileType = sourcecode.swift; name = BonjourDiscoveryServiceTests.swift; path = NetMonitorTests/Services/BonjourDiscoveryServiceTests.swift; sourceTree = "<group>"; };
/* End PBXFileReference section */

/* Begin PBXFrameworksBuildPhase section */
		2A000017000000000000000A /* Frameworks */ = {
			isa = PBXFrameworksBuildPhase;
			buildActionMask = 2147483647;
			files = (
				2510D9A12F12D19400C8C91B /* NetMonitorShared in Frameworks */,
			);
			runOnlyForDeploymentPostprocessing = 0;
		};
		2A000018000000000000000A /* Frameworks */ = {
			isa = PBXFrameworksBuildPhase;
			buildActionMask = 2147483647;
			files = (
			);
			runOnlyForDeploymentPostprocessing = 0;
		};
		2A000019000000000000000A /* Frameworks */ = {
			isa = PBXFrameworksBuildPhase;
			buildActionMask = 2147483647;
			files = (
			);
			runOnlyForDeploymentPostprocessing = 0;
		};
/* End PBXFrameworksBuildPhase section */

/* Begin PBXGroup section */
		2A00001A000000000000000A = {
			isa = PBXGroup;
			children = (
				2510D9A22F13024300C8C91B /* LocalDevice.swift */,
				2510D9A32F13024300C8C91B /* SessionRecord.swift */,
				2510D9A42F13024300C8C91B /* NetworkTarget.swift */,
				2510D9A52F13024300C8C91B /* TargetMeasurement.swift */,
				2510D9AE2F13030000C8C91B /* Section.swift */,
				2A00001B000000000000000A /* NetMonitor */,
				2A00001C000000000000000A /* NetMonitorTests */,
				2A00001D000000000000000A /* NetMonitorUITests */,
				2A00001E000000000000000A /* Products */,
			
				3288E8835E8D49CFA172DC79 /* Services */,);
			sourceTree = "<group>";
		};
		2A00001B000000000000000A /* NetMonitor */ = {
			isa = PBXGroup;
			children = (
				2A000002000000000000000A /* NetMonitorApp.swift */,
				2A000004000000000000000A /* ContentView.swift */,
				2510D9AC2F13025400C8C91B /* Views */,
				2A000006000000000000000A /* Assets.xcassets */,
				2A000014000000000000000A /* NetMonitor.entitlements */,
				2A00001F000000000000000A /* Preview Content */,
			);
			path = NetMonitor;
			sourceTree = "<group>";
		};
		2A00001C000000000000000A /* NetMonitorTests */ = {
			isa = PBXGroup;
			children = (
2A00000A000000000000000A /* NetMonitorTests.swift */,
			);
			path = NetMonitorTests;
			sourceTree = "<group>";
		};
		2A00001D000000000000000A /* NetMonitorUITests */ = {
			isa = PBXGroup;
			children = (
				2A00000C000000000000000A /* NetMonitorUITests.swift */,
				2A00000E000000000000000A /* NetMonitorUITestsLaunchTests.swift */,
			);
			path = NetMonitorUITests;
			sourceTree = "<group>";
		};
		2A00001E000000000000000A /* Products */ = {
			isa = PBXGroup;
			children = (
				2A000013000000000000000A /* NetMonitor.app */,
				2A000015000000000000000A /* NetMonitorTests.xctest */,
				2A000016000000000000000A /* NetMonitorUITests.xctest */,
			);
			name = Products;
			sourceTree = "<group>";
		};
		2A00001F000000000000000A /* Preview Content */ = {
			isa = PBXGroup;
			children = (
				2510D9BA2F13036000C8C91B /* PreviewContainer.swift */,
				2A000008000000000000000A /* Preview Assets.xcassets */,
			);
			path = "Preview Content";
			sourceTree = "<group>";
		};
		2510D9AC2F13025400C8C91B /* Views */ = {
			isa = PBXGroup;
			children = (
				2510D9AA2F13025400C8C91B /* SettingsView.swift */,
				2510D9B02F13031000C8C91B /* SidebarView.swift */,
				2510D9B22F13032000C8C91B /* DashboardView.swift */,
				8AF0D348F4FB6B490148030A /* AddTargetSheet.swift */,
				2510D9B42F13033000C8C91B /* TargetsView.swift */,
				2510D9B62F13034000C8C91B /* DevicesView.swift */,
				2510D9B82F13035000C8C91B /* ToolsView.swift */,
				97DE539B230545DD8B5355D0 /* TargetStatisticsView.swift */,
			);
			path = Views;
			sourceTree = "<group>";
		};
		3288E8835E8D49CFA172DC79 /* Services */ = {
			isa = PBXGroup;
			children = (
				A469B7BDEB6E401EBA080FBB /* NetworkMonitorService.swift */,
				41601A9807D142ABB7181D76 /* HTTPMonitorService.swift */,
				726CC13E0EB775E7C7C19BD1 /* ICMPSocket.swift */,
				BD048F216895C502521CE659 /* ICMPMonitorService.swift */,
				1FE7F7F545EA38B3B8F9DE02 /* MonitoringSession.swift */,
				DDSC0002000000000000001A /* DeviceDiscoveryService.swift */,
				ARPS0002000000000000001A /* ARPScannerService.swift */,
				BNJR0002000000000000001A /* BonjourDiscoveryService.swift */,
			);
			name = Services;
			sourceTree = "<group>";
		};
		31BF5CD2F8084744A67C6AA0 /* Services */ = {
			isa = PBXGroup;
			children = (
				653444EE323D4714923EB389 /* NetworkMonitorServiceTests.swift */,
				719663BC734C4A16BC0AB480 /* HTTPMonitorServiceTests.swift */,
				DDSC0004000000000000001A /* DeviceDiscoveryServiceTests.swift */,
				ARPS0004000000000000001A /* ARPScannerServiceTests.swift */,
				BNJR0004000000000000001A /* BonjourDiscoveryServiceTests.swift */,
			);
			name = Services;
			sourceTree = "<group>";
		};
/* End PBXGroup section */

/* Begin PBXNativeTarget section */
		2A000011000000000000000A /* NetMonitor */ = {
			isa = PBXNativeTarget;
			buildConfigurationList = 2A000020000000000000000A /* Build configuration list for PBXNativeTarget "NetMonitor" */;
			buildPhases = (
				2A000021000000000000000A /* Sources */,
				2A000017000000000000000A /* Frameworks */,
				2A000022000000000000000A /* Resources */,
			);
			buildRules = (
			);
			dependencies = (
			);
			name = NetMonitor;
			packageProductDependencies = (
				2510D9A02F12D19400C8C91B /* NetMonitorShared */,
			);
			productName = NetMonitor;
			productReference = 2A000013000000000000000A /* NetMonitor.app */;
			productType = "com.apple.product-type.application";
		};
		2A000023000000000000000A /* NetMonitorTests */ = {
			isa = PBXNativeTarget;
			buildConfigurationList = 2A000024000000000000000A /* Build configuration list for PBXNativeTarget "NetMonitorTests" */;
			buildPhases = (
				2A000025000000000000000A /* Sources */,
				2A000018000000000000000A /* Frameworks */,
				2A000026000000000000000A /* Resources */,
			);
			buildRules = (
			);
			dependencies = (
				2A000027000000000000000A /* PBXTargetDependency */,
			);
			name = NetMonitorTests;
			packageProductDependencies = (
			);
			productName = NetMonitorTests;
			productReference = 2A000015000000000000000A /* NetMonitorTests.xctest */;
			productType = "com.apple.product-type.bundle.unit-test";
		};
		2A000028000000000000000A /* NetMonitorUITests */ = {
			isa = PBXNativeTarget;
			buildConfigurationList = 2A000029000000000000000A /* Build configuration list for PBXNativeTarget "NetMonitorUITests" */;
			buildPhases = (
				2A00002A000000000000000A /* Sources */,
				2A000019000000000000000A /* Frameworks */,
				2A00002B000000000000000A /* Resources */,
			);
			buildRules = (
			);
			dependencies = (
				2A00002C000000000000000A /* PBXTargetDependency */,
			);
			name = NetMonitorUITests;
			packageProductDependencies = (
			);
			productName = NetMonitorUITests;
			productReference = 2A000016000000000000000A /* NetMonitorUITests.xctest */;
			productType = "com.apple.product-type.bundle.ui-testing";
		};
/* End PBXNativeTarget section */

/* Begin PBXProject section */
		2A000010000000000000000A /* Project object */ = {
			isa = PBXProject;
			attributes = {
				BuildIndependentTargetsInParallel = 1;
				LastSwiftUpdateCheck = 1600;
				LastUpgradeCheck = 1600;
				TargetAttributes = {
					2A000011000000000000000A = {
						CreatedOnToolsVersion = 16.0;
					};
					2A000023000000000000000A = {
						CreatedOnToolsVersion = 16.0;
						TestTargetID = 2A000011000000000000000A;
					};
					2A000028000000000000000A = {
						CreatedOnToolsVersion = 16.0;
						TestTargetID = 2A000011000000000000000A;
					};
				};
			};
			buildConfigurationList = 2A00002D000000000000000A /* Build configuration list for PBXProject "NetMonitor" */;
			developmentRegion = en;
			hasScannedForEncodings = 0;
			knownRegions = (
				en,
				Base,
			);
			mainGroup = 2A00001A000000000000000A;
			minimizedProjectReferenceProxies = 1;
			packageReferences = (
				2510D99F2F12D19400C8C91B /* XCLocalSwiftPackageReference "NetMonitorShared" */,
			);
			preferredProjectObjectVersion = 77;
			productRefGroup = 2A00001E000000000000000A /* Products */;
			projectDirPath = "";
			projectRoot = "";
			targets = (
				2A000011000000000000000A /* NetMonitor */,
				2A000023000000000000000A /* NetMonitorTests */,
				2A000028000000000000000A /* NetMonitorUITests */,
			);
		};
/* End PBXProject section */

/* Begin PBXResourcesBuildPhase section */
		2A000022000000000000000A /* Resources */ = {
			isa = PBXResourcesBuildPhase;
			buildActionMask = 2147483647;
			files = (
				2A000007000000000000000A /* Preview Assets.xcassets in Resources */,
				2A000005000000000000000A /* Assets.xcassets in Resources */,
			);
			runOnlyForDeploymentPostprocessing = 0;
		};
		2A000026000000000000000A /* Resources */ = {
			isa = PBXResourcesBuildPhase;
			buildActionMask = 2147483647;
			files = (
			);
			runOnlyForDeploymentPostprocessing = 0;
		};
		2A00002B000000000000000A /* Resources */ = {
			isa = PBXResourcesBuildPhase;
			buildActionMask = 2147483647;
			files = (
			);
			runOnlyForDeploymentPostprocessing = 0;
		};
/* End PBXResourcesBuildPhase section */

/* Begin PBXSourcesBuildPhase section */
		2A000021000000000000000A /* Sources */ = {
			isa = PBXSourcesBuildPhase;
			buildActionMask = 2147483647;
			files = (
				2A000003000000000000000A /* ContentView.swift in Sources */,
								2510D9A62F13024300C8C91B /* SessionRecord.swift in Sources */,
								2510D9A72F13024300C8C91B /* TargetMeasurement.swift in Sources */,
								2510D9A82F13024300C8C91B /* NetworkTarget.swift in Sources */,
								2510D9A92F13024300C8C91B /* LocalDevice.swift in Sources */,
								2510D9AB2F13025400C8C91B /* SettingsView.swift in Sources */,
								2510D9AD2F13030000C8C91B /* Section.swift in Sources */,
								2510D9AF2F13031000C8C91B /* SidebarView.swift in Sources */,
				EAD61DA40AAA0D4676EA0906 /* AddTargetSheet.swift in Sources */,
								2510D9B12F13032000C8C91B /* DashboardView.swift in Sources */,
								2510D9B32F13033000C8C91B /* TargetsView.swift in Sources */,
								2510D9B52F13034000C8C91B /* DevicesView.swift in Sources */,
								2510D9B72F13035000C8C91B /* ToolsView.swift in Sources */,
				A6661F2C5FBB49F1B1712FC1 /* TargetStatisticsView.swift in Sources */,
								2510D9B92F13036000C8C91B /* PreviewContainer.swift in Sources */,
								2A000001000000000000000A /* NetMonitorApp.swift in Sources */,
								BD9FA0B34C224F81A418BE80 /* NetworkMonitorService.swift in Sources */,
								89E04559593A462CAAA86ACE /* HTTPMonitorService.swift in Sources */,
								469702AB229FA4BA93AF5983 /* MonitoringSession.swift in Sources */,
								EA0BF39708E4C575FEB755C7 /* ICMPSocket.swift in Sources */,
								797B8A019436F78CCC11BFA9 /* ICMPMonitorService.swift in Sources */,
								DDSC0001000000000000001A /* DeviceDiscoveryService.swift in Sources */,
								ARPS0001000000000000001A /* ARPScannerService.swift in Sources */,
								BNJR0001000000000000001A /* BonjourDiscoveryService.swift in Sources */,
			);
			runOnlyForDeploymentPostprocessing = 0;
		};
		2A000025000000000000000A /* Sources */ = {
			isa = PBXSourcesBuildPhase;
			buildActionMask = 2147483647;
			files = (
				2A000009000000000000000A /* NetMonitorTests.swift in Sources */,
				063CF5C1823A4BAAA96F8B7B /* NetworkMonitorServiceTests.swift in Sources */,
				DF61159D6D01427DAA18BFCE /* HTTPMonitorServiceTests.swift in Sources */,
				DDSC0003000000000000001A /* DeviceDiscoveryServiceTests.swift in Sources */,
				ARPS0003000000000000001A /* ARPScannerServiceTests.swift in Sources */,
				BNJR0003000000000000001A /* BonjourDiscoveryServiceTests.swift in Sources */,
			);
			runOnlyForDeploymentPostprocessing = 0;
		};
		2A00002A000000000000000A /* Sources */ = {
			isa = PBXSourcesBuildPhase;
			buildActionMask = 2147483647;
			files = (
				2A00000D000000000000000A /* NetMonitorUITestsLaunchTests.swift in Sources */,
				2A00000B000000000000000A /* NetMonitorUITests.swift in Sources */,
			);
			runOnlyForDeploymentPostprocessing = 0;
		};
/* End PBXSourcesBuildPhase section */

/* Begin PBXTargetDependency section */
		2A000027000000000000000A /* PBXTargetDependency */ = {
			isa = PBXTargetDependency;
			target = 2A000011000000000000000A /* NetMonitor */;
			targetProxy = 2A00000F000000000000000A /* PBXContainerItemProxy */;
		};
		2A00002C000000000000000A /* PBXTargetDependency */ = {
			isa = PBXTargetDependency;
			target = 2A000011000000000000000A /* NetMonitor */;
			targetProxy = 2A000012000000000000000A /* PBXContainerItemProxy */;
		};
/* End PBXTargetDependency section */

/* Begin XCBuildConfiguration section */
		2A00002E000000000000000A /* Debug */ = {
			isa = XCBuildConfiguration;
			buildSettings = {
				ALWAYS_SEARCH_USER_PATHS = NO;
				ASSETCATALOG_COMPILER_GENERATE_SWIFT_ASSET_SYMBOL_EXTENSIONS = YES;
				CLANG_ANALYZER_NONNULL = YES;
				CLANG_ANALYZER_NUMBER_OBJECT_CONVERSION = YES_AGGRESSIVE;
				CLANG_CXX_LANGUAGE_STANDARD = "gnu++20";
				CLANG_ENABLE_MODULES = YES;
				CLANG_ENABLE_OBJC_ARC = YES;
				CLANG_ENABLE_OBJC_WEAK = YES;
				CLANG_WARN_BLOCK_CAPTURE_AUTORELEASING = YES;
				CLANG_WARN_BOOL_CONVERSION = YES;
				CLANG_WARN_COMMA = YES;
				CLANG_WARN_CONSTANT_CONVERSION = YES;
				CLANG_WARN_DEPRECATED_OBJC_IMPLEMENTATIONS = YES;
				CLANG_WARN_DIRECT_OBJC_ISA_USAGE = YES_ERROR;
				CLANG_WARN_DOCUMENTATION_COMMENTS = YES;
				CLANG_WARN_EMPTY_BODY = YES;
				CLANG_WARN_ENUM_CONVERSION = YES;
				CLANG_WARN_INFINITE_RECURSION = YES;
				CLANG_WARN_INT_CONVERSION = YES;
				CLANG_WARN_NON_LITERAL_NULL_CONVERSION = YES;
				CLANG_WARN_OBJC_IMPLICIT_RETAIN_SELF = YES;
				CLANG_WARN_OBJC_LITERAL_CONVERSION = YES;
				CLANG_WARN_OBJC_ROOT_CLASS = YES_ERROR;
				CLANG_WARN_QUOTED_INCLUDE_IN_FRAMEWORK_HEADER = YES;
				CLANG_WARN_RANGE_LOOP_ANALYSIS = YES;
				CLANG_WARN_STRICT_PROTOTYPES = YES;
				CLANG_WARN_SUSPICIOUS_MOVE = YES;
				CLANG_WARN_UNGUARDED_AVAILABILITY = YES_AGGRESSIVE;
				CLANG_WARN_UNREACHABLE_CODE = YES;
				CLANG_WARN__DUPLICATE_METHOD_MATCH = YES;
				COPY_PHASE_STRIP = NO;
				DEBUG_INFORMATION_FORMAT = dwarf;
				ENABLE_STRICT_OBJC_MSGSEND = YES;
				ENABLE_TESTABILITY = YES;
				ENABLE_USER_SCRIPT_SANDBOXING = YES;
				GCC_C_LANGUAGE_STANDARD = gnu17;
				GCC_DYNAMIC_NO_PIC = NO;
				GCC_NO_COMMON_BLOCKS = YES;
				GCC_OPTIMIZATION_LEVEL = 0;
				GCC_PREPROCESSOR_DEFINITIONS = (
					"DEBUG=1",
					"$(inherited)",
				);
				GCC_WARN_64_TO_32_BIT_CONVERSION = YES;
				GCC_WARN_ABOUT_RETURN_TYPE = YES_ERROR;
				GCC_WARN_UNDECLARED_SELECTOR = YES;
				GCC_WARN_UNINITIALIZED_AUTOS = YES_AGGRESSIVE;
				GCC_WARN_UNUSED_FUNCTION = YES;
				GCC_WARN_UNUSED_VARIABLE = YES;
				LOCALIZATION_PREFERS_STRING_CATALOGS = YES;
				MACOSX_DEPLOYMENT_TARGET = 15.0;
				MTL_ENABLE_DEBUG_INFO = INCLUDE_SOURCE;
				MTL_FAST_MATH = YES;
				ONLY_ACTIVE_ARCH = YES;
				SDKROOT = macosx;
				SWIFT_ACTIVE_COMPILATION_CONDITIONS = "DEBUG $(inherited)";
				SWIFT_OPTIMIZATION_LEVEL = "-Onone";
				SWIFT_STRICT_CONCURRENCY = complete;
				SWIFT_VERSION = 6.0;
			};
			name = Debug;
		};
		2A00002F000000000000000A /* Release */ = {
			isa = XCBuildConfiguration;
			buildSettings = {
				ALWAYS_SEARCH_USER_PATHS = NO;
				ASSETCATALOG_COMPILER_GENERATE_SWIFT_ASSET_SYMBOL_EXTENSIONS = YES;
				CLANG_ANALYZER_NONNULL = YES;
				CLANG_ANALYZER_NUMBER_OBJECT_CONVERSION = YES_AGGRESSIVE;
				CLANG_CXX_LANGUAGE_STANDARD = "gnu++20";
				CLANG_ENABLE_MODULES = YES;
				CLANG_ENABLE_OBJC_ARC = YES;
				CLANG_ENABLE_OBJC_WEAK = YES;
				CLANG_WARN_BLOCK_CAPTURE_AUTORELEASING = YES;
				CLANG_WARN_BOOL_CONVERSION = YES;
				CLANG_WARN_COMMA = YES;
				CLANG_WARN_CONSTANT_CONVERSION = YES;
				CLANG_WARN_DEPRECATED_OBJC_IMPLEMENTATIONS = YES;
				CLANG_WARN_DIRECT_OBJC_ISA_USAGE = YES_ERROR;
				CLANG_WARN_DOCUMENTATION_COMMENTS = YES;
				CLANG_WARN_EMPTY_BODY = YES;
				CLANG_WARN_ENUM_CONVERSION = YES;
				CLANG_WARN_INFINITE_RECURSION = YES;
				CLANG_WARN_INT_CONVERSION = YES;
				CLANG_WARN_NON_LITERAL_NULL_CONVERSION = YES;
				CLANG_WARN_OBJC_IMPLICIT_RETAIN_SELF = YES;
				CLANG_WARN_OBJC_LITERAL_CONVERSION = YES;
				CLANG_WARN_OBJC_ROOT_CLASS = YES_ERROR;
				CLANG_WARN_QUOTED_INCLUDE_IN_FRAMEWORK_HEADER = YES;
				CLANG_WARN_RANGE_LOOP_ANALYSIS = YES;
				CLANG_WARN_STRICT_PROTOTYPES = YES;
				CLANG_WARN_SUSPICIOUS_MOVE = YES;
				CLANG_WARN_UNGUARDED_AVAILABILITY = YES_AGGRESSIVE;
				CLANG_WARN_UNREACHABLE_CODE = YES;
				CLANG_WARN__DUPLICATE_METHOD_MATCH = YES;
				COPY_PHASE_STRIP = NO;
				DEBUG_INFORMATION_FORMAT = "dwarf-with-dsym";
				ENABLE_NS_ASSERTIONS = NO;
				ENABLE_STRICT_OBJC_MSGSEND = YES;
				ENABLE_USER_SCRIPT_SANDBOXING = YES;
				GCC_C_LANGUAGE_STANDARD = gnu17;
				GCC_NO_COMMON_BLOCKS = YES;
				GCC_WARN_64_TO_32_BIT_CONVERSION = YES;
				GCC_WARN_ABOUT_RETURN_TYPE = YES_ERROR;
				GCC_WARN_UNDECLARED_SELECTOR = YES;
				GCC_WARN_UNINITIALIZED_AUTOS = YES_AGGRESSIVE;
				GCC_WARN_UNUSED_FUNCTION = YES;
				GCC_WARN_UNUSED_VARIABLE = YES;
				LOCALIZATION_PREFERS_STRING_CATALOGS = YES;
				MACOSX_DEPLOYMENT_TARGET = 15.0;
				MTL_ENABLE_DEBUG_INFO = NO;
				MTL_FAST_MATH = YES;
				SDKROOT = macosx;
				SWIFT_COMPILATION_MODE = wholemodule;
				SWIFT_STRICT_CONCURRENCY = complete;
				SWIFT_VERSION = 6.0;
			};
			name = Release;
		};
		2A000030000000000000000A /* Debug */ = {
			isa = XCBuildConfiguration;
			buildSettings = {
				ASSETCATALOG_COMPILER_APPICON_NAME = AppIcon;
				ASSETCATALOG_COMPILER_GLOBAL_ACCENT_COLOR_NAME = AccentColor;
				CODE_SIGN_ENTITLEMENTS = NetMonitor/NetMonitor.entitlements;
				CODE_SIGN_STYLE = Automatic;
				COMBINE_HIDPI_IMAGES = YES;
				CURRENT_PROJECT_VERSION = 1;
				DEVELOPMENT_ASSET_PATHS = "\"NetMonitor/Preview Content\"";
				ENABLE_PREVIEWS = YES;
				GENERATE_INFOPLIST_FILE = YES;
				INFOPLIST_KEY_NSHumanReadableCopyright = "";
				LD_RUNPATH_SEARCH_PATHS = (
					"$(inherited)",
					"@executable_path/../Frameworks",
				);
				MARKETING_VERSION = 1.0;
				PRODUCT_BUNDLE_IDENTIFIER = com.netmonitor.NetMonitor;
				PRODUCT_NAME = "$(TARGET_NAME)";
				SWIFT_EMIT_LOC_STRINGS = YES;
				SWIFT_STRICT_CONCURRENCY = complete;
				SWIFT_VERSION = 6.0;
			};
			name = Debug;
		};
		2A000031000000000000000A /* Release */ = {
			isa = XCBuildConfiguration;
			buildSettings = {
				ASSETCATALOG_COMPILER_APPICON_NAME = AppIcon;
				ASSETCATALOG_COMPILER_GLOBAL_ACCENT_COLOR_NAME = AccentColor;
				CODE_SIGN_ENTITLEMENTS = NetMonitor/NetMonitor.entitlements;
				CODE_SIGN_STYLE = Automatic;
				COMBINE_HIDPI_IMAGES = YES;
				CURRENT_PROJECT_VERSION = 1;
				DEVELOPMENT_ASSET_PATHS = "\"NetMonitor/Preview Content\"";
				ENABLE_PREVIEWS = YES;
				GENERATE_INFOPLIST_FILE = YES;
				INFOPLIST_KEY_NSHumanReadableCopyright = "";
				LD_RUNPATH_SEARCH_PATHS = (
					"$(inherited)",
					"@executable_path/../Frameworks",
				);
				MARKETING_VERSION = 1.0;
				PRODUCT_BUNDLE_IDENTIFIER = com.netmonitor.NetMonitor;
				PRODUCT_NAME = "$(TARGET_NAME)";
				SWIFT_EMIT_LOC_STRINGS = YES;
				SWIFT_STRICT_CONCURRENCY = complete;
				SWIFT_VERSION = 6.0;
			};
			name = Release;
		};
		2A000032000000000000000A /* Debug */ = {
			isa = XCBuildConfiguration;
			buildSettings = {
				BUNDLE_LOADER = "$(TEST_HOST)";
				CODE_SIGN_STYLE = Automatic;
				CURRENT_PROJECT_VERSION = 1;
				GENERATE_INFOPLIST_FILE = YES;
				MACOSX_DEPLOYMENT_TARGET = 15.0;
				MARKETING_VERSION = 1.0;
				PRODUCT_BUNDLE_IDENTIFIER = com.netmonitor.NetMonitorTests;
				PRODUCT_NAME = "$(TARGET_NAME)";
				SWIFT_EMIT_LOC_STRINGS = NO;
				SWIFT_STRICT_CONCURRENCY = complete;
				SWIFT_VERSION = 6.0;
				TEST_HOST = "$(BUILT_PRODUCTS_DIR)/NetMonitor.app/$(BUNDLE_EXECUTABLE_FOLDER_PATH)/NetMonitor";
			};
			name = Debug;
		};
		2A000033000000000000000A /* Release */ = {
			isa = XCBuildConfiguration;
			buildSettings = {
				BUNDLE_LOADER = "$(TEST_HOST)";
				CODE_SIGN_STYLE = Automatic;
				CURRENT_PROJECT_VERSION = 1;
				GENERATE_INFOPLIST_FILE = YES;
				MACOSX_DEPLOYMENT_TARGET = 15.0;
				MARKETING_VERSION = 1.0;
				PRODUCT_BUNDLE_IDENTIFIER = com.netmonitor.NetMonitorTests;
				PRODUCT_NAME = "$(TARGET_NAME)";
				SWIFT_EMIT_LOC_STRINGS = NO;
				SWIFT_STRICT_CONCURRENCY = complete;
				SWIFT_VERSION = 6.0;
				TEST_HOST = "$(BUILT_PRODUCTS_DIR)/NetMonitor.app/$(BUNDLE_EXECUTABLE_FOLDER_PATH)/NetMonitor";
			};
			name = Release;
		};
		2A000034000000000000000A /* Debug */ = {
			isa = XCBuildConfiguration;
			buildSettings = {
				CODE_SIGN_STYLE = Automatic;
				CURRENT_PROJECT_VERSION = 1;
				GENERATE_INFOPLIST_FILE = YES;
				MARKETING_VERSION = 1.0;
				PRODUCT_BUNDLE_IDENTIFIER = com.netmonitor.NetMonitorUITests;
				PRODUCT_NAME = "$(TARGET_NAME)";
				SWIFT_EMIT_LOC_STRINGS = NO;
				SWIFT_STRICT_CONCURRENCY = complete;
				SWIFT_VERSION = 6.0;
				TEST_TARGET_NAME = NetMonitor;
			};
			name = Debug;
		};
		2A000035000000000000000A /* Release */ = {
			isa = XCBuildConfiguration;
			buildSettings = {
				CODE_SIGN_STYLE = Automatic;
				CURRENT_PROJECT_VERSION = 1;
				GENERATE_INFOPLIST_FILE = YES;
				MARKETING_VERSION = 1.0;
				PRODUCT_BUNDLE_IDENTIFIER = com.netmonitor.NetMonitorUITests;
				PRODUCT_NAME = "$(TARGET_NAME)";
				SWIFT_EMIT_LOC_STRINGS = NO;
				SWIFT_STRICT_CONCURRENCY = complete;
				SWIFT_VERSION = 6.0;
				TEST_TARGET_NAME = NetMonitor;
			};
			name = Release;
		};
/* End XCBuildConfiguration section */

/* Begin XCConfigurationList section */
		2A000020000000000000000A /* Build configuration list for PBXNativeTarget "NetMonitor" */ = {
			isa = XCConfigurationList;
			buildConfigurations = (
				2A000030000000000000000A /* Debug */,
				2A000031000000000000000A /* Release */,
			);
			defaultConfigurationIsVisible = 0;
			defaultConfigurationName = Release;
		};
		2A000024000000000000000A /* Build configuration list for PBXNativeTarget "NetMonitorTests" */ = {
			isa = XCConfigurationList;
			buildConfigurations = (
				2A000032000000000000000A /* Debug */,
				2A000033000000000000000A /* Release */,
			);
			defaultConfigurationIsVisible = 0;
			defaultConfigurationName = Release;
		};
		2A000029000000000000000A /* Build configuration list for PBXNativeTarget "NetMonitorUITests" */ = {
			isa = XCConfigurationList;
			buildConfigurations = (
				2A000034000000000000000A /* Debug */,
				2A000035000000000000000A /* Release */,
			);
			defaultConfigurationIsVisible = 0;
			defaultConfigurationName = Release;
		};
		2A00002D000000000000000A /* Build configuration list for PBXProject "NetMonitor" */ = {
			isa = XCConfigurationList;
			buildConfigurations = (
				2A00002E000000000000000A /* Debug */,
				2A00002F000000000000000A /* Release */,
			);
			defaultConfigurationIsVisible = 0;
			defaultConfigurationName = Release;
		};
/* End XCConfigurationList section */

/* Begin XCLocalSwiftPackageReference section */
		2510D99F2F12D19400C8C91B /* XCLocalSwiftPackageReference "NetMonitorShared" */ = {
			isa = XCLocalSwiftPackageReference;
			relativePath = NetMonitorShared;
		};
/* End XCLocalSwiftPackageReference section */

/* Begin XCSwiftPackageProductDependency section */
		2510D9A02F12D19400C8C91B /* NetMonitorShared */ = {
			isa = XCSwiftPackageProductDependency;
			productName = NetMonitorShared;
		};
/* End XCSwiftPackageProductDependency section */
	};
	rootObject = 2A000010000000000000000A /* Project object */;
}
