// !$*UTF8*$!
{
	archiveVersion = 1;
	classes = {
	};
	objectVersion = 77;
	objects = {

/* Begin PBXBuildFile section */
		416971A1BED518E422502B7D /* ModelTests.swift in Sources */ = {isa = PBXBuildFile; fileRef = 79ADE190569667B1C49C175E /* ModelTests.swift */; };
		7A3B4DB9BA9A9B4D897E3BF8 /* WHOISInfoTests.swift in Sources */ = {isa = PBXBuildFile; fileRef = E567FADD82E6BEFB0EBDD2D0 /* WHOISInfoTests.swift */; };
		7BF9514EDD13A28EF17F4B26 /* ReleaseValidationTests.swift in Sources */ = {isa = PBXBuildFile; fileRef = 8F31BDB3A80621EC9EEEFA42 /* ReleaseValidationTests.swift */; };
		5A3229B7BD0A47A45FAF84F9 /* ICMPSocketTests.swift in Sources */ = {isa = PBXBuildFile; fileRef = 01031CF59693CD72A3DBC54B /* ICMPSocketTests.swift */; };
		CA3999DC49BC21FCC46F6671 /* TracerouteServiceTests.swift in Sources */ = {isa = PBXBuildFile; fileRef = B431CCE301B99036A0979814 /* TracerouteServiceTests.swift */; };
		BDECC0C75C1B8726286C6EB2 /* SmokeTests.swift in Sources */ = {isa = PBXBuildFile; fileRef = 14E027AE4B689B84E69C6543 /* SmokeTests.swift */; };
		063CF5C1823A4BAAA96F8B7B /* NetworkMonitorServiceTests.swift in Sources */ = {isa = PBXBuildFile; fileRef = 653444EE323D4714923EB389 /* NetworkMonitorServiceTests.swift */; };
		2510D9A12F12D19400C8C91B /* NetMonitorShared in Frameworks */ = {isa = PBXBuildFile; productRef = 2510D9A02F12D19400C8C91B /* NetMonitorShared */; };
		2510D9A62F13024300C8C91B /* MonitoringSession.swift in Sources */ = {isa = PBXBuildFile; fileRef = 2510D9A32F13024300C8C91B /* MonitoringSession.swift */; };
		2510D9A72F13024300C8C91B /* TargetMeasurement.swift in Sources */ = {isa = PBXBuildFile; fileRef = 2510D9A52F13024300C8C91B /* TargetMeasurement.swift */; };
		2510D9A82F13024300C8C91B /* NetworkTarget.swift in Sources */ = {isa = PBXBuildFile; fileRef = 2510D9A42F13024300C8C91B /* NetworkTarget.swift */; };
		2510D9A92F13024300C8C91B /* LocalDevice.swift in Sources */ = {isa = PBXBuildFile; fileRef = 2510D9A22F13024300C8C91B /* LocalDevice.swift */; };
		2510D9AB2F13025400C8C91B /* SettingsView.swift in Sources */ = {isa = PBXBuildFile; fileRef = 2510D9AA2F13025400C8C91B /* SettingsView.swift */; };
		2510D9AF2F13031000C8C91B /* SidebarView.swift in Sources */ = {isa = PBXBuildFile; fileRef = 2510D9B02F13031000C8C91B /* SidebarView.swift */; };
		2510D9B12F13032000C8C91B /* DashboardView.swift in Sources */ = {isa = PBXBuildFile; fileRef = 2510D9B22F13032000C8C91B /* DashboardView.swift */; };
		2510D9B32F13033000C8C91B /* TargetsView.swift in Sources */ = {isa = PBXBuildFile; fileRef = 2510D9B42F13033000C8C91B /* TargetsView.swift */; };
		2510D9B52F13034000C8C91B /* DevicesView.swift in Sources */ = {isa = PBXBuildFile; fileRef = 2510D9B62F13034000C8C91B /* DevicesView.swift */; };
		2510D9B72F13035000C8C91B /* ToolsView.swift in Sources */ = {isa = PBXBuildFile; fileRef = 2510D9B82F13035000C8C91B /* ToolsView.swift */; };
		2510D9B92F13036000C8C91B /* PreviewContainer.swift in Sources */ = {isa = PBXBuildFile; fileRef = 2510D9BA2F13036000C8C91B /* PreviewContainer.swift */; };
		2A000001000000000000000A /* NetMonitorApp.swift in Sources */ = {isa = PBXBuildFile; fileRef = 2A000002000000000000000A /* NetMonitorApp.swift */; };
		2A000003000000000000000A /* ContentView.swift in Sources */ = {isa = PBXBuildFile; fileRef = 2A000004000000000000000A /* ContentView.swift */; };
		2A000005000000000000000A /* Assets.xcassets in Resources */ = {isa = PBXBuildFile; fileRef = 2A000006000000000000000A /* Assets.xcassets */; };
		2A000007000000000000000A /* Preview Assets.xcassets in Resources */ = {isa = PBXBuildFile; fileRef = 2A000008000000000000000A /* Preview Assets.xcassets */; };
		2A000009000000000000000A /* NetMonitorTests.swift in Sources */ = {isa = PBXBuildFile; fileRef = 2A00000A000000000000000A /* NetMonitorTests.swift */; };
		2A00000B000000000000000A /* NetMonitorUITests.swift in Sources */ = {isa = PBXBuildFile; fileRef = 2A00000C000000000000000A /* NetMonitorUITests.swift */; };
		2A00000D000000000000000A /* NetMonitorUITestsLaunchTests.swift in Sources */ = {isa = PBXBuildFile; fileRef = 2A00000E000000000000000A /* NetMonitorUITestsLaunchTests.swift */; };
		459A583AE7BE458EBB87282F /* NavigationSection.swift in Sources */ = {isa = PBXBuildFile; fileRef = 80F29FB8437B4A0B957F71A5 /* NavigationSection.swift */; };
		469702AB229FA4BA93AF5983 /* NetMonitor/Services/MonitoringSession.swift in Sources */ = {isa = PBXBuildFile; fileRef = 1FE7F7F545EA38B3B8F9DE02 /* NetMonitor/Services/MonitoringSession.swift */; };
		5E290323F66B46168C7AC931 /* SchemaV1.swift in Sources */ = {isa = PBXBuildFile; fileRef = 95A7DD5421054DF78AA500ED /* SchemaV1.swift */; };
		797B8A019436F78CCC11BFA9 /* ICMPMonitorService.swift in Sources */ = {isa = PBXBuildFile; fileRef = BD048F216895C502521CE659 /* ICMPMonitorService.swift */; };
		89E04559593A462CAAA86ACE /* HTTPMonitorService.swift in Sources */ = {isa = PBXBuildFile; fileRef = 41601A9807D142ABB7181D76 /* HTTPMonitorService.swift */; };
		A6661F2C5FBB49F1B1712FC1 /* TargetStatisticsView.swift in Sources */ = {isa = PBXBuildFile; fileRef = 97DE539B230545DD8B5355D0 /* TargetStatisticsView.swift */; };
		'AENV0002000000000000001A' = {isa = PBXBuildFile; fileRef = AENV0001000000000000001A; };
		'APSV0002000000000000001A' = {isa = PBXBuildFile; fileRef = APSV0001000000000000001A; };
		'ARPS0001000000000000001A' = {isa = PBXBuildFile; fileRef = ARPS0002000000000000001A; };
		'ARPS0003000000000000001A' = {isa = PBXBuildFile; fileRef = ARPS0004000000000000001A; };
		BD9FA0B34C224F81A418BE80 /* NetworkMonitorService.swift in Sources */ = {isa = PBXBuildFile; fileRef = A469B7BDEB6E401EBA080FBB /* NetworkMonitorService.swift */; };
		'BNJR0001000000000000001A' = {isa = PBXBuildFile; fileRef = BNJR0002000000000000001A; };
		'BNJR0003000000000000001A' = {isa = PBXBuildFile; fileRef = BNJR0004000000000000001A; };
		'BNJT0002000000000000001A' = {isa = PBXBuildFile; fileRef = BNJT0001000000000000001A; };
		C99FAE4B96A648BB988FCBF5 /* NetMonitorError.swift in Sources */ = {isa = PBXBuildFile; fileRef = 1C2EE437C2354DEEB66E0A25 /* NetMonitorError.swift */; };
		'CEXT0002000000000000001A' = {isa = PBXBuildFile; fileRef = CEXT0001000000000000001A; };
		'CMHD0001000000000000001A' = {isa = PBXBuildFile; fileRef = CMHD0002000000000000001A; };
		'CMPT0001000000000000001A' = {isa = PBXBuildFile; fileRef = CMPT0002000000000000001A; };
		'CNIC0001000000000000001A' = {isa = PBXBuildFile; fileRef = CNIC0002000000000000001A; };
		'CPSV0002000000000000001A' = {isa = PBXBuildFile; fileRef = CPSV0001000000000000001A; };
		'CSVC0001000000000000001A' = {isa = PBXBuildFile; fileRef = CSVC0002000000000000001A; };
		'CSVC0003000000000000001A' = {isa = PBXBuildFile; fileRef = CSVC0004000000000000001A; };
		'CTRK0001000000000000001A' = {isa = PBXBuildFile; fileRef = CTRK0002000000000000001A; };
		DDCC0001000000000000001A /* DeviceDiscoveryCoordinator.swift in Sources */ = {isa = PBXBuildFile; fileRef = DDCC0002000000000000001A /* DeviceDiscoveryCoordinator.swift */; };
		DDCC0003000000000000001A /* DeviceDiscoveryCoordinatorTests.swift in Sources */ = {isa = PBXBuildFile; fileRef = DDCC0004000000000000001A /* DeviceDiscoveryCoordinatorTests.swift */; };
		'DDSC0001000000000000001A' = {isa = PBXBuildFile; fileRef = DDSC0002000000000000001A; };
		'DDSC0003000000000000001A' = {isa = PBXBuildFile; fileRef = DDSC0004000000000000001A; };
		DF61159D6D01427DAA18BFCE /* HTTPMonitorServiceTests.swift in Sources */ = {isa = PBXBuildFile; fileRef = 719663BC734C4A16BC0AB480 /* HTTPMonitorServiceTests.swift */; };
		'DFTP0001000000000000001A' = {isa = PBXBuildFile; fileRef = DFTP0002000000000000001A; };
		'DNST0002000000000000001A' = {isa = PBXBuildFile; fileRef = DNST0001000000000000001A; };
		'DTO00001000000000000000A1' = {isa = PBXBuildFile; fileRef = DTO00002000000000000000A1; };
		'DTO00001000000000000000A2' = {isa = PBXBuildFile; fileRef = DTO00002000000000000000A2; };
		'DTSV0002000000000000001A' = {isa = PBXBuildFile; fileRef = DTSV0001000000000000001A; };
		'DVDT0001000000000000001A' = {isa = PBXBuildFile; fileRef = DVDT0002000000000000001A; };
		'DVNR47E99A898BDB9F015F2E' = {isa = PBXBuildFile; fileRef = DVNR77E1846C42E3A8B46056; };
		'DVRW0001000000000000001A' = {isa = PBXBuildFile; fileRef = DVRW0002000000000000001A; };
		EA0BF39708E4C575FEB755C7 /* ICMPSocket.swift in Sources */ = {isa = PBXBuildFile; fileRef = 726CC13E0EB775E7C7C19BD1 /* ICMPSocket.swift */; };
		EAD61DA40AAA0D4676EA0906 /* AddTargetSheet.swift in Sources */ = {isa = PBXBuildFile; fileRef = 8AF0D348F4FB6B490148030A /* AddTargetSheet.swift */; };
		'ENEX0001000000000000001A' = {isa = PBXBuildFile; fileRef = ENEX0002000000000000001A; };
		FAA54EFA87A11E68143A7323 /* WindowOpener.swift in Sources */ = {isa = PBXBuildFile; fileRef = C66646A1885FCD97C668AD3A /* WindowOpener.swift */; };
		'GNSV0002000000000000001A' = {isa = PBXBuildFile; fileRef = GNSV0001000000000000001A; };
		'GTIC0002000000000000001A' = {isa = PBXBuildFile; fileRef = GTIC0001000000000000001A; };
		'ISIC0001000000000000001A' = {isa = PBXBuildFile; fileRef = ISIC0002000000000000001A; };
		'ISPL0001000000000000001A' = {isa = PBXBuildFile; fileRef = ISPL0002000000000000001A; };
		'LOGG0001000000000000001A' = {isa = PBXBuildFile; fileRef = LOGG0002000000000000001A; };
		'LVDV0001000000000000001A' = {isa = PBXBuildFile; fileRef = LVDV0002000000000000001A; };
		'MACV0001000000000000001A' = {isa = PBXBuildFile; fileRef = MACV0002000000000000001A; };
		'MACV0003000000000000001A' = {isa = PBXBuildFile; fileRef = MACV0004000000000000001A; };
		'MBCM0001000000000000001A' = {isa = PBXBuildFile; fileRef = MBCM0002000000000000001A; };
		'MBPV0001000000000000001A' = {isa = PBXBuildFile; fileRef = MBPV0002000000000000001A; };
		'MBRC0001000000000000001A' = {isa = PBXBuildFile; fileRef = MBRC0002000000000000001A; };
		'MNSV0002000000000000001A' = {isa = PBXBuildFile; fileRef = MNSV0001000000000000001A; };
		'NTFS0001000000000000001A' = {isa = PBXBuildFile; fileRef = NTFS0002000000000000001A; };
		'NTSV0002000000000000001A' = {isa = PBXBuildFile; fileRef = NTSV0001000000000000001A; };
		'NWIS0001000000000000001A' = {isa = PBXBuildFile; fileRef = NWIS0002000000000000001A; };
		'NWSV0002000000000000001A' = {isa = PBXBuildFile; fileRef = NWSV0001000000000000001A; };
		'PNGT0002000000000000001A' = {isa = PBXBuildFile; fileRef = PNGT0001000000000000001A; };
		'PPNG0001000000000000001A' = {isa = PBXBuildFile; fileRef = PPNG0002000000000000001A; };
		'PPST0002000000000000001A' = {isa = PBXBuildFile; fileRef = PPST0001000000000000001A; };
		'PRST0002000000000000001A' = {isa = PBXBuildFile; fileRef = PRST0001000000000000001A; };
		'QKSB0001000000000000001A' = {isa = PBXBuildFile; fileRef = QKSB0002000000000000001A; };
		'SCRT0002000000000000001A' = {isa = PBXBuildFile; "SCRT-00001608006460163725521" = {isa = PBXFileReference; lastKnownFileType = sourcecode.swift; name = NotificationServiceTests.swift; path = NetMonitorTests/Services/NotificationServiceTests.swift; sourceTree = "<group>"; }; "SCRT-00002034811960642223842" = {isa = PBXBuildFile; fileRef = "SCRT-00001608006460163725521"; }; "SCRT-00003072558989684779645" = {isa = PBXBuildFile; fileRef = "SCRT-00005974070841990001634"; }; "SCRT-00005974070841990001634" = {isa = PBXFileReference; lastKnownFileType = sourcecode.swift; name = TCPMonitorServiceTests.swift; path = NetMonitorTests/Services/TCPMonitorServiceTests.swift; sourceTree = "<group>"; }; "SCRT-00007418570625998133156" = {isa = PBXBuildFile; fileRef = SCRT000006681799204163761225; }; "SCRT-00008303957783835320296" = {isa = PBXBuildFile; fileRef = SCRT000002748660215113041392; }; "SCRT-00008637475560693238271" = {isa = PBXBuildFile; fileRef = SCRT000006958071107418854610; }; SCRT000002748660215113041392 = {isa = PBXFileReference; lastKnownFileType = sourcecode.swift; name = WakeOnLanServiceTests.swift; path = NetMonitorTests/Services/WakeOnLanServiceTests.swift; sourceTree = "<group>"; }; SCRT000006681799204163761225 = {isa = PBXFileReference; lastKnownFileType = sourcecode.swift; name = DefaultTargetsProviderTests.swift; path = NetMonitorTests/Services/DefaultTargetsProviderTests.swift; sourceTree = "<group>"; }; SCRT000006958071107418854610 = {isa = PBXFileReference; lastKnownFileType = sourcecode.swift; name = ICMPMonitorServiceTests.swift; path = NetMonitorTests/Services/ICMPMonitorServiceTests.swift; sourceTree = "<group>"; }; fileRef = SCRT0001000000000000001A; };
		'SHCR0001000000000000001A' = {isa = PBXBuildFile; fileRef = SHCR0002000000000000001A; };
		'SPDT0002000000000000001A' = {isa = PBXBuildFile; fileRef = SPDT0001000000000000001A; };
		'STTS0001000000000000001A' = {isa = PBXBuildFile; fileRef = STTS0002000000000000001A; };
		'TCPM0002000000000000001A' = {isa = PBXBuildFile; fileRef = TCPM0001000000000000001A; };
		'TRCS0001000000000000001A' = {isa = PBXBuildFile; fileRef = TRCS0002000000000000001A; };
		'TRRT0002000000000000001A' = {isa = PBXBuildFile; fileRef = TRRT0001000000000000001A; };
		'TSCV0001000000000000001A' = {isa = PBXBuildFile; fileRef = TSCV0002000000000000001A; };
		'TSTM0003000000000000001A' = {isa = PBXBuildFile; fileRef = TSTM0002000000000000001A; };
		'TSTM0005000000000000001A' = {isa = PBXBuildFile; fileRef = TSTM0004000000000000001A; };
		'TSTM0007000000000000001A' = {isa = PBXBuildFile; fileRef = TSTM0006000000000000001A; };
		'TSTM0009000000000000001A' = {isa = PBXBuildFile; fileRef = TSTM0008000000000000001A; };
		'TSTM000B000000000000001A' = {isa = PBXBuildFile; fileRef = TSTM000A000000000000001A; };
		'TSTM000D000000000000001A' = {isa = PBXBuildFile; fileRef = TSTM000C000000000000001A; };
		'UITB0001000000000000001A' = {isa = PBXBuildFile; fileRef = UITF0001000000000000001A; };
		'UITB0002000000000000001A' = {isa = PBXBuildFile; fileRef = UITF0002000000000000001A; };
		'UITB0003000000000000001A' = {isa = PBXBuildFile; fileRef = UITF0003000000000000001A; };
		'UITB0004000000000000001A' = {isa = PBXBuildFile; fileRef = UITF0004000000000000001A; };
		'UITB0005000000000000001A' = {isa = PBXBuildFile; fileRef = UITF0005000000000000001A; };
		'UITB0006000000000000001A' = {isa = PBXBuildFile; fileRef = UITF0006000000000000001A; };
		'UITB0007000000000000001A' = {isa = PBXBuildFile; fileRef = UITF0007000000000000001A; };
		'UITB0008000000000000001A' = {isa = PBXBuildFile; fileRef = UITF0008000000000000001A; };
		'UITB0009000000000000001A' = {isa = PBXBuildFile; fileRef = UITF0009000000000000001A; };
		'UITB000A000000000000001A' = {isa = PBXBuildFile; fileRef = UITF000A000000000000001A; };
		'UITB000B000000000000001A' = {isa = PBXBuildFile; fileRef = UITF000B000000000000001A; };
		'UITB000C000000000000001A' = {isa = PBXBuildFile; fileRef = UITF000C000000000000001A; };
		'UITB000D000000000000001A' = {isa = PBXBuildFile; fileRef = UITF000D000000000000001A; };
		'UITB000E000000000000001A' = {isa = PBXBuildFile; fileRef = UITF000E000000000000001A; };
		'UITB000F000000000000001A' = {isa = PBXBuildFile; fileRef = UITF000F000000000000001A; };
		'UITB0010000000000000001A' = {isa = PBXBuildFile; fileRef = UITF0010000000000000001A; };
		'WHST0002000000000000001A' = {isa = PBXBuildFile; fileRef = WHST0001000000000000001A; };
		'WOLA0001000000000000001A' = {isa = PBXBuildFile; fileRef = WOLA0002000000000000001A; };
		'WOLS0001000000000000001A' = {isa = PBXBuildFile; fileRef = WOLS0002000000000000001A; };
		'WOLT0001000000000000001A' = {isa = PBXBuildFile; fileRef = WOLT0002000000000000001A; };
/* End PBXBuildFile section */

/* Begin PBXContainerItemProxy section */
		2A00000F000000000000000A /* PBXContainerItemProxy */ = {
			isa = PBXContainerItemProxy;
			containerPortal = 2A000010000000000000000A /* Project object */;
			proxyType = 1;
			remoteGlobalIDString = 2A000011000000000000000A;
			remoteInfo = NetMonitor;
		};
		2A000012000000000000000A /* PBXContainerItemProxy */ = {
			isa = PBXContainerItemProxy;
			containerPortal = 2A000010000000000000000A /* Project object */;
			proxyType = 1;
			remoteGlobalIDString = 2A000011000000000000000A;
			remoteInfo = NetMonitor;
		};
/* End PBXContainerItemProxy section */

/* Begin PBXFileReference section */
		79ADE190569667B1C49C175E /* ModelTests.swift */ = {isa = PBXFileReference; lastKnownFileType = sourcecode.swift; name = ModelTests.swift; path = NetMonitorTests/Models/ModelTests.swift; sourceTree = "<group>"; };
		E567FADD82E6BEFB0EBDD2D0 /* WHOISInfoTests.swift */ = {isa = PBXFileReference; lastKnownFileType = sourcecode.swift; name = WHOISInfoTests.swift; path = NetMonitorTests/Models/WHOISInfoTests.swift; sourceTree = "<group>"; };
		8F31BDB3A80621EC9EEEFA42 /* ReleaseValidationTests.swift */ = {isa = PBXFileReference; lastKnownFileType = sourcecode.swift; name = ReleaseValidationTests.swift; path = NetMonitorTests/ReleaseValidationTests.swift; sourceTree = "<group>"; };
		01031CF59693CD72A3DBC54B /* ICMPSocketTests.swift */ = {isa = PBXFileReference; lastKnownFileType = sourcecode.swift; name = ICMPSocketTests.swift; path = NetMonitorTests/Services/ICMPSocketTests.swift; sourceTree = "<group>"; };
		B431CCE301B99036A0979814 /* TracerouteServiceTests.swift */ = {isa = PBXFileReference; lastKnownFileType = sourcecode.swift; name = TracerouteServiceTests.swift; path = NetMonitorTests/Services/TracerouteServiceTests.swift; sourceTree = "<group>"; };
		14E027AE4B689B84E69C6543 /* SmokeTests.swift */ = {isa = PBXFileReference; lastKnownFileType = sourcecode.swift; name = SmokeTests.swift; path = NetMonitorTests/SmokeTests.swift; sourceTree = "<group>"; };
		1C2EE437C2354DEEB66E0A25 /* NetMonitorError.swift */ = {isa = PBXFileReference; lastKnownFileType = sourcecode.swift; name = NetMonitorError.swift; path = NetMonitor/Models/NetMonitorError.swift; sourceTree = "<group>"; };
		1FE7F7F545EA38B3B8F9DE02 /* NetMonitor/Services/MonitoringSession.swift */ = {isa = PBXFileReference; lastKnownFileType = sourcecode.swift; path = NetMonitor/Services/MonitoringSession.swift; sourceTree = "<group>"; };
		2510D9A22F13024300C8C91B /* LocalDevice.swift */ = {isa = PBXFileReference; lastKnownFileType = sourcecode.swift; name = LocalDevice.swift; path = NetMonitor/Models/LocalDevice.swift; sourceTree = "<group>"; };
		2510D9A32F13024300C8C91B /* MonitoringSession.swift */ = {isa = PBXFileReference; lastKnownFileType = sourcecode.swift; name = MonitoringSession.swift; path = NetMonitor/Models/SessionRecord.swift; sourceTree = "<group>"; };
		2510D9A42F13024300C8C91B /* NetworkTarget.swift */ = {isa = PBXFileReference; lastKnownFileType = sourcecode.swift; name = NetworkTarget.swift; path = NetMonitor/Models/NetworkTarget.swift; sourceTree = "<group>"; };
		2510D9A52F13024300C8C91B /* TargetMeasurement.swift */ = {isa = PBXFileReference; lastKnownFileType = sourcecode.swift; name = TargetMeasurement.swift; path = NetMonitor/Models/TargetMeasurement.swift; sourceTree = "<group>"; };
		2510D9AA2F13025400C8C91B /* SettingsView.swift */ = {isa = PBXFileReference; lastKnownFileType = sourcecode.swift; path = SettingsView.swift; sourceTree = "<group>"; };
		2510D9B02F13031000C8C91B /* SidebarView.swift */ = {isa = PBXFileReference; lastKnownFileType = sourcecode.swift; path = SidebarView.swift; sourceTree = "<group>"; };
		2510D9B22F13032000C8C91B /* DashboardView.swift */ = {isa = PBXFileReference; lastKnownFileType = sourcecode.swift; path = DashboardView.swift; sourceTree = "<group>"; };
		2510D9B42F13033000C8C91B /* TargetsView.swift */ = {isa = PBXFileReference; lastKnownFileType = sourcecode.swift; path = TargetsView.swift; sourceTree = "<group>"; };
		2510D9B62F13034000C8C91B /* DevicesView.swift */ = {isa = PBXFileReference; lastKnownFileType = sourcecode.swift; path = DevicesView.swift; sourceTree = "<group>"; };
		2510D9B82F13035000C8C91B /* ToolsView.swift */ = {isa = PBXFileReference; lastKnownFileType = sourcecode.swift; path = ToolsView.swift; sourceTree = "<group>"; };
		2510D9BA2F13036000C8C91B /* PreviewContainer.swift */ = {isa = PBXFileReference; lastKnownFileType = sourcecode.swift; path = PreviewContainer.swift; sourceTree = "<group>"; };
		2A000002000000000000000A /* NetMonitorApp.swift */ = {isa = PBXFileReference; lastKnownFileType = sourcecode.swift; path = NetMonitorApp.swift; sourceTree = "<group>"; };
		2A000004000000000000000A /* ContentView.swift */ = {isa = PBXFileReference; lastKnownFileType = sourcecode.swift; path = ContentView.swift; sourceTree = "<group>"; };
		2A000006000000000000000A /* Assets.xcassets */ = {isa = PBXFileReference; lastKnownFileType = folder.assetcatalog; path = Assets.xcassets; sourceTree = "<group>"; };
		2A000008000000000000000A /* Preview Assets.xcassets */ = {isa = PBXFileReference; lastKnownFileType = folder.assetcatalog; path = "Preview Assets.xcassets"; sourceTree = "<group>"; };
		2A00000A000000000000000A /* NetMonitorTests.swift */ = {isa = PBXFileReference; lastKnownFileType = sourcecode.swift; path = NetMonitorTests.swift; sourceTree = "<group>"; };
		2A00000C000000000000000A /* NetMonitorUITests.swift */ = {isa = PBXFileReference; lastKnownFileType = sourcecode.swift; path = NetMonitorUITests.swift; sourceTree = "<group>"; };
		2A00000E000000000000000A /* NetMonitorUITestsLaunchTests.swift */ = {isa = PBXFileReference; lastKnownFileType = sourcecode.swift; path = NetMonitorUITestsLaunchTests.swift; sourceTree = "<group>"; };
		2A000013000000000000000A /* NetMonitor.app */ = {isa = PBXFileReference; explicitFileType = wrapper.application; includeInIndex = 0; path = NetMonitor.app; sourceTree = BUILT_PRODUCTS_DIR; };
		2A000014000000000000000A /* NetMonitor.entitlements */ = {isa = PBXFileReference; lastKnownFileType = text.plist.entitlements; path = NetMonitor.entitlements; sourceTree = "<group>"; };
		2A000015000000000000000A /* NetMonitorTests.xctest */ = {isa = PBXFileReference; explicitFileType = wrapper.cfbundle; includeInIndex = 0; path = NetMonitorTests.xctest; sourceTree = BUILT_PRODUCTS_DIR; };
		2A000016000000000000000A /* NetMonitorUITests.xctest */ = {isa = PBXFileReference; explicitFileType = wrapper.cfbundle; includeInIndex = 0; path = NetMonitorUITests.xctest; sourceTree = BUILT_PRODUCTS_DIR; };
		41601A9807D142ABB7181D76 /* HTTPMonitorService.swift */ = {isa = PBXFileReference; lastKnownFileType = sourcecode.swift; name = HTTPMonitorService.swift; path = NetMonitor/Services/HTTPMonitorService.swift; sourceTree = "<group>"; };
		653444EE323D4714923EB389 /* NetworkMonitorServiceTests.swift */ = {isa = PBXFileReference; lastKnownFileType = sourcecode.swift; name = NetworkMonitorServiceTests.swift; path = NetMonitorTests/Services/NetworkMonitorServiceTests.swift; sourceTree = "<group>"; };
		719663BC734C4A16BC0AB480 /* HTTPMonitorServiceTests.swift */ = {isa = PBXFileReference; lastKnownFileType = sourcecode.swift; name = HTTPMonitorServiceTests.swift; path = NetMonitorTests/Services/HTTPMonitorServiceTests.swift; sourceTree = "<group>"; };
		726CC13E0EB775E7C7C19BD1 /* ICMPSocket.swift */ = {isa = PBXFileReference; lastKnownFileType = sourcecode.swift; name = ICMPSocket.swift; path = NetMonitor/Services/ICMPSocket.swift; sourceTree = "<group>"; };
		80F29FB8437B4A0B957F71A5 /* NavigationSection.swift */ = {isa = PBXFileReference; lastKnownFileType = sourcecode.swift; name = NavigationSection.swift; path = NetMonitor/Models/NavigationSection.swift; sourceTree = "<group>"; };
		8AF0D348F4FB6B490148030A /* AddTargetSheet.swift */ = {isa = PBXFileReference; lastKnownFileType = sourcecode.swift; path = AddTargetSheet.swift; sourceTree = "<group>"; };
		95A7DD5421054DF78AA500ED /* SchemaV1.swift */ = {isa = PBXFileReference; lastKnownFileType = sourcecode.swift; name = SchemaV1.swift; path = NetMonitor/Models/SchemaV1.swift; sourceTree = "<group>"; };
		97DE539B230545DD8B5355D0 /* TargetStatisticsView.swift */ = {isa = PBXFileReference; lastKnownFileType = sourcecode.swift; path = TargetStatisticsView.swift; sourceTree = "<group>"; };
		A469B7BDEB6E401EBA080FBB /* NetworkMonitorService.swift */ = {isa = PBXFileReference; lastKnownFileType = sourcecode.swift; name = NetworkMonitorService.swift; path = NetMonitor/Services/NetworkMonitorService.swift; sourceTree = "<group>"; };
		'AENV0001000000000000001A' = {isa = PBXFileReference; lastKnownFileType = sourcecode.swift; path = AppearanceEnvironment.swift; sourceTree = "<group>"; };
		'APSV0001000000000000001A' = {isa = PBXFileReference; lastKnownFileType = sourcecode.swift; path = AppearanceSettingsView.swift; sourceTree = "<group>"; };
		'ARPS0002000000000000001A' = {isa = PBXFileReference; lastKnownFileType = sourcecode.swift; name = ARPScannerService.swift; path = NetMonitor/Services/ARPScannerService.swift; sourceTree = "<group>"; };
		'ARPS0004000000000000001A' = {isa = PBXFileReference; lastKnownFileType = sourcecode.swift; name = ARPScannerServiceTests.swift; path = NetMonitorTests/Services/ARPScannerServiceTests.swift; sourceTree = "<group>"; };
		BD048F216895C502521CE659 /* ICMPMonitorService.swift */ = {isa = PBXFileReference; lastKnownFileType = sourcecode.swift; name = ICMPMonitorService.swift; path = NetMonitor/Services/ICMPMonitorService.swift; sourceTree = "<group>"; };
		'BNJR0002000000000000001A' = {isa = PBXFileReference; lastKnownFileType = sourcecode.swift; name = BonjourDiscoveryService.swift; path = NetMonitor/Services/BonjourDiscoveryService.swift; sourceTree = "<group>"; };
		'BNJR0004000000000000001A' = {isa = PBXFileReference; lastKnownFileType = sourcecode.swift; name = BonjourDiscoveryServiceTests.swift; path = NetMonitorTests/Services/BonjourDiscoveryServiceTests.swift; sourceTree = "<group>"; };
		'BNJT0001000000000000001A' = {isa = PBXFileReference; lastKnownFileType = sourcecode.swift; path = BonjourBrowserToolView.swift; sourceTree = "<group>"; };
		C66646A1885FCD97C668AD3A /* WindowOpener.swift */ = {isa = PBXFileReference; lastKnownFileType = sourcecode.swift; name = WindowOpener.swift; path = NetMonitor/Utilities/WindowOpener.swift; sourceTree = SOURCE_ROOT; };
		'CEXT0001000000000000001A' = {isa = PBXFileReference; lastKnownFileType = sourcecode.swift; path = ColorExtension.swift; sourceTree = "<group>"; };
		'CMHD0002000000000000001A' = {isa = PBXFileReference; lastKnownFileType = sourcecode.swift; name = CompanionMessageHandler.swift; path = NetMonitor/Services/CompanionMessageHandler.swift; sourceTree = "<group>"; };
		'CMPT0002000000000000001A' = {isa = PBXFileReference; lastKnownFileType = sourcecode.swift; path = CompanionMessageTests.swift; sourceTree = "<group>"; };
		'CNIC0002000000000000001A' = {isa = PBXFileReference; lastKnownFileType = sourcecode.swift; path = ConnectionInfoCard.swift; sourceTree = "<group>"; };
		'CPSV0001000000000000001A' = {isa = PBXFileReference; lastKnownFileType = sourcecode.swift; path = CompanionSettingsView.swift; sourceTree = "<group>"; };
		'CSVC0002000000000000001A' = {isa = PBXFileReference; lastKnownFileType = sourcecode.swift; name = CompanionService.swift; path = NetMonitor/Services/CompanionService.swift; sourceTree = "<group>"; };
		'CSVC0004000000000000001A' = {isa = PBXFileReference; lastKnownFileType = sourcecode.swift; name = CompanionServiceTests.swift; path = NetMonitorTests/Services/CompanionServiceTests.swift; sourceTree = "<group>"; };
		'CTRK0002000000000000001A' = {isa = PBXFileReference; lastKnownFileType = sourcecode.swift; name = ContinuationTracker.swift; path = ContinuationTracker.swift; sourceTree = "<group>"; };
		DDCC0002000000000000001A /* DeviceDiscoveryCoordinator.swift */ = {isa = PBXFileReference; lastKnownFileType = sourcecode.swift; name = DeviceDiscoveryCoordinator.swift; path = NetMonitor/Services/DeviceDiscoveryCoordinator.swift; sourceTree = "<group>"; };
		DDCC0004000000000000001A /* DeviceDiscoveryCoordinatorTests.swift */ = {isa = PBXFileReference; lastKnownFileType = sourcecode.swift; name = DeviceDiscoveryCoordinatorTests.swift; path = NetMonitorTests/Services/DeviceDiscoveryCoordinatorTests.swift; sourceTree = "<group>"; };
		'DDSC0002000000000000001A' = {isa = PBXFileReference; lastKnownFileType = sourcecode.swift; name = DeviceDiscoveryService.swift; path = NetMonitor/Services/DeviceDiscoveryService.swift; sourceTree = "<group>"; };
		'DDSC0004000000000000001A' = {isa = PBXFileReference; lastKnownFileType = sourcecode.swift; name = DeviceDiscoveryServiceTests.swift; path = NetMonitorTests/Services/DeviceDiscoveryServiceTests.swift; sourceTree = "<group>"; };
		'DFTP0002000000000000001A' = {isa = PBXFileReference; lastKnownFileType = sourcecode.swift; name = DefaultTargetsProvider.swift; path = NetMonitor/Services/DefaultTargetsProvider.swift; sourceTree = "<group>"; };
		'DNST0001000000000000001A' = {isa = PBXFileReference; lastKnownFileType = sourcecode.swift; path = DNSLookupToolView.swift; sourceTree = "<group>"; };
		'DTO00002000000000000000A1' = {isa = PBXFileReference; lastKnownFileType = sourcecode.swift; name = TargetCheckRequest.swift; path = NetMonitor/Models/TargetCheckRequest.swift; sourceTree = "<group>"; };
		'DTO00002000000000000000A2' = {isa = PBXFileReference; lastKnownFileType = sourcecode.swift; name = MeasurementResult.swift; path = NetMonitor/Models/MeasurementResult.swift; sourceTree = "<group>"; };
		'DTSV0001000000000000001A' = {isa = PBXFileReference; lastKnownFileType = sourcecode.swift; path = DataSettingsView.swift; sourceTree = "<group>"; };
		'DVDT0002000000000000001A' = {isa = PBXFileReference; lastKnownFileType = sourcecode.swift; path = DeviceDetailView.swift; sourceTree = "<group>"; };
		'DVNR77E1846C42E3A8B46056' = {isa = PBXFileReference; lastKnownFileType = sourcecode.swift; name = DeviceNameResolver.swift; path = NetMonitor/Services/DeviceNameResolver.swift; sourceTree = "<group>"; };
		'DVRW0002000000000000001A' = {isa = PBXFileReference; lastKnownFileType = sourcecode.swift; path = DeviceRowView.swift; sourceTree = "<group>"; };
		'ENEX0002000000000000001A' = {isa = PBXFileReference; lastKnownFileType = sourcecode.swift; name = EnumExtensions.swift; path = NetMonitor/Models/EnumExtensions.swift; sourceTree = "<group>"; };
		'GNSV0001000000000000001A' = {isa = PBXFileReference; lastKnownFileType = sourcecode.swift; path = GeneralSettingsView.swift; sourceTree = "<group>"; };
		'GTIC0001000000000000001A' = {isa = PBXFileReference; lastKnownFileType = sourcecode.swift; path = GatewayInfoCard.swift; sourceTree = "<group>"; };
		'ISIC0002000000000000001A' = {isa = PBXFileReference; lastKnownFileType = sourcecode.swift; path = ISPInfoCard.swift; sourceTree = "<group>"; };
		'ISPL0002000000000000001A' = {isa = PBXFileReference; lastKnownFileType = sourcecode.swift; name = ISPLookupService.swift; path = NetMonitor/Services/ISPLookupService.swift; sourceTree = "<group>"; };
		'LOGG0002000000000000001A' = {isa = PBXFileReference; lastKnownFileType = sourcecode.swift; name = Logging.swift; path = NetMonitor/Services/Logging.swift; sourceTree = "<group>"; };
		'LVDV0002000000000000001A' = {isa = PBXFileReference; lastKnownFileType = sourcecode.swift; path = LiveDurationView.swift; sourceTree = "<group>"; };
		'MACV0002000000000000001A' = {isa = PBXFileReference; lastKnownFileType = sourcecode.swift; name = MACVendorLookupService.swift; path = NetMonitor/Services/MACVendorLookupService.swift; sourceTree = "<group>"; };
		'MACV0004000000000000001A' = {isa = PBXFileReference; lastKnownFileType = sourcecode.swift; name = MACVendorLookupServiceTests.swift; path = NetMonitorTests/Services/MACVendorLookupServiceTests.swift; sourceTree = "<group>"; };
		'MBCM0002000000000000001A' = {isa = PBXFileReference; lastKnownFileType = sourcecode.swift; path = MenuBarCommands.swift; sourceTree = "<group>"; };
		'MBPV0002000000000000001A' = {isa = PBXFileReference; lastKnownFileType = sourcecode.swift; path = MenuBarPopoverView.swift; sourceTree = "<group>"; };
		'MBRC0002000000000000001A' = {isa = PBXFileReference; lastKnownFileType = sourcecode.swift; path = MenuBarController.swift; sourceTree = "<group>"; };
		'MNSV0001000000000000001A' = {isa = PBXFileReference; lastKnownFileType = sourcecode.swift; path = MonitoringSettingsView.swift; sourceTree = "<group>"; };
		'NTFS0002000000000000001A' = {isa = PBXFileReference; lastKnownFileType = sourcecode.swift; name = NotificationService.swift; path = NetMonitor/Services/NotificationService.swift; sourceTree = "<group>"; };
		'NTSV0001000000000000001A' = {isa = PBXFileReference; lastKnownFileType = sourcecode.swift; path = NotificationSettingsView.swift; sourceTree = "<group>"; };
		'NWIS0002000000000000001A' = {isa = PBXFileReference; lastKnownFileType = sourcecode.swift; name = NetworkInfoService.swift; path = NetMonitor/Services/NetworkInfoService.swift; sourceTree = "<group>"; };
		'NWSV0001000000000000001A' = {isa = PBXFileReference; lastKnownFileType = sourcecode.swift; path = NetworkSettingsView.swift; sourceTree = "<group>"; };
		'PNGT0001000000000000001A' = {isa = PBXFileReference; lastKnownFileType = sourcecode.swift; path = PingToolView.swift; sourceTree = "<group>"; };
		'PPNG0002000000000000001A' = {isa = PBXFileReference; lastKnownFileType = sourcecode.swift; name = ProcessPingService.swift; path = NetMonitor/Services/ProcessPingService.swift; sourceTree = "<group>"; };
		'PPST0001000000000000001A' = {isa = PBXFileReference; lastKnownFileType = sourcecode.swift; name = ProcessPingServiceTests.swift; path = NetMonitorTests/Services/ProcessPingServiceTests.swift; sourceTree = "<group>"; };
		'PRST0001000000000000001A' = {isa = PBXFileReference; lastKnownFileType = sourcecode.swift; path = PortScannerToolView.swift; sourceTree = "<group>"; };
		'QKSB0002000000000000001A' = {isa = PBXFileReference; lastKnownFileType = sourcecode.swift; path = QuickStatsBar.swift; sourceTree = "<group>"; };
		'SCRT0001000000000000001A' = {isa = PBXFileReference; lastKnownFileType = sourcecode.swift; name = ShellCommandRunnerTests.swift; path = NetMonitorTests/Services/ShellCommandRunnerTests.swift; sourceTree = "<group>"; };
		'SHCR0002000000000000001A' = {isa = PBXFileReference; lastKnownFileType = sourcecode.swift; name = ShellCommandRunner.swift; path = NetMonitor/Services/ShellCommandRunner.swift; sourceTree = "<group>"; };
		'SPDT0001000000000000001A' = {isa = PBXFileReference; lastKnownFileType = sourcecode.swift; path = SpeedTestToolView.swift; sourceTree = "<group>"; };
		'STTS0002000000000000001A' = {isa = PBXFileReference; lastKnownFileType = sourcecode.swift; name = StatisticsService.swift; path = NetMonitor/Services/StatisticsService.swift; sourceTree = "<group>"; };
		'TCPM0001000000000000001A' = {isa = PBXFileReference; lastKnownFileType = sourcecode.swift; name = TCPMonitorService.swift; path = NetMonitor/Services/TCPMonitorService.swift; sourceTree = "<group>"; };
		'TRCS0002000000000000001A' = {isa = PBXFileReference; lastKnownFileType = sourcecode.swift; name = TracerouteService.swift; path = NetMonitor/Services/TracerouteService.swift; sourceTree = "<group>"; };
		'TRRT0001000000000000001A' = {isa = PBXFileReference; lastKnownFileType = sourcecode.swift; path = TracerouteToolView.swift; sourceTree = "<group>"; };
		'TSCV0002000000000000001A' = {isa = PBXFileReference; lastKnownFileType = sourcecode.swift; path = ToolSheetContainer.swift; sourceTree = "<group>"; };
		'TSTM0002000000000000001A' = {isa = PBXFileReference; lastKnownFileType = sourcecode.swift; name = NavigationSectionTests.swift; path = NetMonitorTests/Models/NavigationSectionTests.swift; sourceTree = "<group>"; };
		'TSTM0004000000000000001A' = {isa = PBXFileReference; lastKnownFileType = sourcecode.swift; name = EnumExtensionsTests.swift; path = NetMonitorTests/Models/EnumExtensionsTests.swift; sourceTree = "<group>"; };
		'TSTM0006000000000000001A' = {isa = PBXFileReference; lastKnownFileType = sourcecode.swift; name = MeasurementResultTests.swift; path = NetMonitorTests/Models/MeasurementResultTests.swift; sourceTree = "<group>"; };
		'TSTM0008000000000000001A' = {isa = PBXFileReference; lastKnownFileType = sourcecode.swift; name = TargetCheckRequestTests.swift; path = NetMonitorTests/Models/TargetCheckRequestTests.swift; sourceTree = "<group>"; };
		'TSTM000A000000000000001A' = {isa = PBXFileReference; lastKnownFileType = sourcecode.swift; name = CompanionMessageHandlerTests.swift; path = NetMonitorTests/Services/CompanionMessageHandlerTests.swift; sourceTree = "<group>"; };
		'TSTM000C000000000000001A' = {isa = PBXFileReference; lastKnownFileType = sourcecode.swift; name = MonitoringSessionTests.swift; path = NetMonitorTests/Services/MonitoringSessionTests.swift; sourceTree = "<group>"; };
		'UITF0001000000000000001A' = {isa = PBXFileReference; lastKnownFileType = sourcecode.swift; path = BaseScreen.swift; sourceTree = "<group>"; };
		'UITF0002000000000000001A' = {isa = PBXFileReference; lastKnownFileType = sourcecode.swift; path = BaseUITests.swift; sourceTree = "<group>"; };
		'UITF0003000000000000001A' = {isa = PBXFileReference; lastKnownFileType = sourcecode.swift; path = DashboardScreen.swift; sourceTree = "<group>"; };
		'UITF0004000000000000001A' = {isa = PBXFileReference; lastKnownFileType = sourcecode.swift; path = DevicesScreen.swift; sourceTree = "<group>"; };
		'UITF0005000000000000001A' = {isa = PBXFileReference; lastKnownFileType = sourcecode.swift; path = SettingsScreen.swift; sourceTree = "<group>"; };
		'UITF0006000000000000001A' = {isa = PBXFileReference; lastKnownFileType = sourcecode.swift; path = SidebarScreen.swift; sourceTree = "<group>"; };
		'UITF0007000000000000001A' = {isa = PBXFileReference; lastKnownFileType = sourcecode.swift; path = TargetsScreen.swift; sourceTree = "<group>"; };
		'UITF0008000000000000001A' = {isa = PBXFileReference; lastKnownFileType = sourcecode.swift; path = ToolsScreen.swift; sourceTree = "<group>"; };
		'UITF0009000000000000001A' = {isa = PBXFileReference; lastKnownFileType = sourcecode.swift; path = DashboardUITests.swift; sourceTree = "<group>"; };
		'UITF000A000000000000001A' = {isa = PBXFileReference; lastKnownFileType = sourcecode.swift; path = DevicesUITests.swift; sourceTree = "<group>"; };
		'UITF000B000000000000001A' = {isa = PBXFileReference; lastKnownFileType = sourcecode.swift; path = ExportUITests.swift; sourceTree = "<group>"; };
		'UITF000C000000000000001A' = {isa = PBXFileReference; lastKnownFileType = sourcecode.swift; path = MonitoringUITests.swift; sourceTree = "<group>"; };
		'UITF000D000000000000001A' = {isa = PBXFileReference; lastKnownFileType = sourcecode.swift; path = NavigationUITests.swift; sourceTree = "<group>"; };
		'UITF000E000000000000001A' = {isa = PBXFileReference; lastKnownFileType = sourcecode.swift; path = SettingsUITests.swift; sourceTree = "<group>"; };
		'UITF000F000000000000001A' = {isa = PBXFileReference; lastKnownFileType = sourcecode.swift; path = TargetsUITests.swift; sourceTree = "<group>"; };
		'UITF0010000000000000001A' = {isa = PBXFileReference; lastKnownFileType = sourcecode.swift; path = ToolsUITests.swift; sourceTree = "<group>"; };
		'WHST0001000000000000001A' = {isa = PBXFileReference; lastKnownFileType = sourcecode.swift; path = WHOISToolView.swift; sourceTree = "<group>"; };
		'WOLA0002000000000000001A' = {isa = PBXFileReference; lastKnownFileType = sourcecode.swift; name = WakeOnLanAction.swift; path = WakeOnLanAction.swift; sourceTree = "<group>"; };
		'WOLS0002000000000000001A' = {isa = PBXFileReference; lastKnownFileType = sourcecode.swift; name = WakeOnLanService.swift; path = NetMonitor/Services/WakeOnLanService.swift; sourceTree = "<group>"; };
		'WOLT0002000000000000001A' = {isa = PBXFileReference; lastKnownFileType = sourcecode.swift; path = WakeOnLanToolView.swift; sourceTree = "<group>"; };
/* End PBXFileReference section */

/* Begin PBXFrameworksBuildPhase section */
		2A000017000000000000000A /* Frameworks */ = {
			isa = PBXFrameworksBuildPhase;
			buildActionMask = 2147483647;
			files = (
				2510D9A12F12D19400C8C91B /* NetMonitorShared in Frameworks */,
			);
			runOnlyForDeploymentPostprocessing = 0;
		};
		2A000018000000000000000A /* Frameworks */ = {
			isa = PBXFrameworksBuildPhase;
			buildActionMask = 2147483647;
			files = (
			);
			runOnlyForDeploymentPostprocessing = 0;
		};
		2A000019000000000000000A /* Frameworks */ = {
			isa = PBXFrameworksBuildPhase;
			buildActionMask = 2147483647;
			files = (
			);
			runOnlyForDeploymentPostprocessing = 0;
		};
/* End PBXFrameworksBuildPhase section */

/* Begin PBXGroup section */
		2510D9AC2F13025400C8C91B /* Views */ = {
			isa = PBXGroup;
			children = (
				2510D9AA2F13025400C8C91B /* SettingsView.swift */,
				2510D9B02F13031000C8C91B /* SidebarView.swift */,
				2510D9B22F13032000C8C91B /* DashboardView.swift */,
				8AF0D348F4FB6B490148030A /* AddTargetSheet.swift */,
				2510D9B42F13033000C8C91B /* TargetsView.swift */,
				2510D9B62F13034000C8C91B /* DevicesView.swift */,
				DVRW0002000000000000001A,
				DVDT0002000000000000001A,
				2510D9B82F13035000C8C91B /* ToolsView.swift */,
				97DE539B230545DD8B5355D0 /* TargetStatisticsView.swift */,
				GTIC0001000000000000001A,
				CNIC0002000000000000001A,
				ISIC0002000000000000001A,
				QKSB0002000000000000001A,
				LVDV0002000000000000001A,
				TLSG0001000000000000001A,
				STNG0001000000000000001A,
			);
			path = Views;
			sourceTree = "<group>";
		};
		2A00001A000000000000000A = {
			isa = PBXGroup;
			children = (
				2510D9A22F13024300C8C91B /* LocalDevice.swift */,
				2510D9A32F13024300C8C91B /* MonitoringSession.swift */,
				2510D9A42F13024300C8C91B /* NetworkTarget.swift */,
				2510D9A52F13024300C8C91B /* TargetMeasurement.swift */,
				DTO00002000000000000000A1,
				DTO00002000000000000000A2,
				ENEX0002000000000000001A,
				2A00001B000000000000000A /* NetMonitor */,
				2A00001C000000000000000A /* NetMonitorTests */,
				2A00001D000000000000000A /* NetMonitorUITests */,
				2A00001E000000000000000A /* Products */,
				3288E8835E8D49CFA172DC79 /* Services */,
				C66646A1885FCD97C668AD3A /* WindowOpener.swift */,
			);
			sourceTree = "<group>";
		};
		2A00001B000000000000000A /* NetMonitor */ = {
			isa = PBXGroup;
			children = (
				2A000002000000000000000A /* NetMonitorApp.swift */,
				2A000004000000000000000A /* ContentView.swift */,
				2510D9AC2F13025400C8C91B /* Views */,
				UTIL0001000000000000001A,
				MBGR0001000000000000001A,
				2A000006000000000000000A /* Assets.xcassets */,
				2A000014000000000000000A /* NetMonitor.entitlements */,
				2A00001F000000000000000A /* Preview Content */,
			);
			path = NetMonitor;
			sourceTree = "<group>";
		};
		2A00001C000000000000000A /* NetMonitorTests */ = {
			isa = PBXGroup;
			children = (
				2A00000A000000000000000A /* NetMonitorTests.swift */,
				PTCL0001000000000000001A,
			);
			path = NetMonitorTests;
			sourceTree = "<group>";
		};
		2A00001D000000000000000A /* NetMonitorUITests */ = {
			isa = PBXGroup;
			children = (
				2A00000C000000000000000A /* NetMonitorUITests.swift */,
				2A00000E000000000000000A /* NetMonitorUITestsLaunchTests.swift */,
				UITG0001000000000000001A,
				UITG0002000000000000001A,
				UITG0003000000000000001A,
			);
			path = NetMonitorUITests;
			sourceTree = "<group>";
		};
		2A00001E000000000000000A /* Products */ = {
			isa = PBXGroup;
			children = (
				2A000013000000000000000A /* NetMonitor.app */,
				2A000015000000000000000A /* NetMonitorTests.xctest */,
				2A000016000000000000000A /* NetMonitorUITests.xctest */,
			);
			name = Products;
			sourceTree = "<group>";
		};
		2A00001F000000000000000A /* Preview Content */ = {
			isa = PBXGroup;
			children = (
				2510D9BA2F13036000C8C91B /* PreviewContainer.swift */,
				2A000008000000000000000A /* Preview Assets.xcassets */,
			);
			path = "Preview Content";
			sourceTree = "<group>";
		};
		31BF5CD2F8084744A67C6AA0 /* Services */ = {
			isa = PBXGroup;
			children = (
				653444EE323D4714923EB389 /* NetworkMonitorServiceTests.swift */,
				719663BC734C4A16BC0AB480 /* HTTPMonitorServiceTests.swift */,
				DDSC0004000000000000001A,
				ARPS0004000000000000001A,
				BNJR0004000000000000001A,
				DDCC0004000000000000001A /* DeviceDiscoveryCoordinatorTests.swift */,
				MACV0004000000000000001A,
				CSVC0004000000000000001A,
				SCRT0001000000000000001A,
				"SCRT-00005974070841990001634",
				SCRT000006958071107418854610,
				SCRT000002748660215113041392,
				"SCRT-00001608006460163725521",
				SCRT000006681799204163761225,
				PPST0001000000000000001A,
				TSTM000A000000000000001A,
				TSTM000C000000000000001A,
				01031CF59693CD72A3DBC54B /* ICMPSocketTests.swift */,
				B431CCE301B99036A0979814 /* TracerouteServiceTests.swift */,
				79ADE190569667B1C49C175E /* ModelTests.swift */,
				E567FADD82E6BEFB0EBDD2D0 /* WHOISInfoTests.swift */,
				8F31BDB3A80621EC9EEEFA42 /* ReleaseValidationTests.swift */,
				14E027AE4B689B84E69C6543 /* SmokeTests.swift */,
			);
			name = Services;
			sourceTree = "<group>";
		};
		3288E8835E8D49CFA172DC79 /* Services */ = {
			isa = PBXGroup;
			children = (
				A469B7BDEB6E401EBA080FBB /* NetworkMonitorService.swift */,
				41601A9807D142ABB7181D76 /* HTTPMonitorService.swift */,
				726CC13E0EB775E7C7C19BD1 /* ICMPSocket.swift */,
				BD048F216895C502521CE659 /* ICMPMonitorService.swift */,
				1FE7F7F545EA38B3B8F9DE02 /* NetMonitor/Services/MonitoringSession.swift */,
				DDSC0002000000000000001A,
				ARPS0002000000000000001A,
				BNJR0002000000000000001A,
				DDCC0002000000000000001A /* DeviceDiscoveryCoordinator.swift */,
				MACV0002000000000000001A,
				CSVC0002000000000000001A,
				CMHD0002000000000000001A,
				LOGG0002000000000000001A,
				WOLS0002000000000000001A,
				SHCR0002000000000000001A,
				DVNR77E1846C42E3A8B46056,
				PPNG0002000000000000001A,
				TCPM0001000000000000001A,
				NWIS0002000000000000001A,
				DFTP0002000000000000001A,
				NTFS0002000000000000001A,
				ISPL0002000000000000001A,
				STTS0002000000000000001A,
				TRCS0002000000000000001A,
			);
			name = Services;
			sourceTree = "<group>";
		};
		'MBGR0001000000000000001A' = {
			isa = PBXGroup;
			children = (
				MBRC0002000000000000001A,
				MBPV0002000000000000001A,
				MBCM0002000000000000001A,
			);
			path = MenuBar;
			sourceTree = "<group>";
		};
		'PTCL0001000000000000001A' = {
			isa = PBXGroup;
			children = (
				CMPT0002000000000000001A,
			);
			path = Protocol;
			sourceTree = "<group>";
		};
		'STNG0001000000000000001A' = {
			isa = PBXGroup;
			children = (
				GNSV0001000000000000001A,
				MNSV0001000000000000001A,
				NTSV0001000000000000001A,
				NWSV0001000000000000001A,
				DTSV0001000000000000001A,
				APSV0001000000000000001A,
				CPSV0001000000000000001A,
			);
			path = Settings;
			sourceTree = "<group>";
		};
		'TLSG0001000000000000001A' = {
			isa = PBXGroup;
			children = (
				PNGT0001000000000000001A,
				DNST0001000000000000001A,
				WHST0001000000000000001A,
				TRRT0001000000000000001A,
				PRST0001000000000000001A,
				SPDT0001000000000000001A,
				BNJT0001000000000000001A,
				WOLT0002000000000000001A,
				TSCV0002000000000000001A,
			);
			path = Tools;
			sourceTree = "<group>";
		};
		'TSTM0001000000000000001A' = {
			isa = PBXGroup;
			children = (
				TSTM0002000000000000001A,
				TSTM0004000000000000001A,
				TSTM0006000000000000001A,
				TSTM0008000000000000001A,
			);
			name = Models;
			sourceTree = "<group>";
		};
		'UITG0001000000000000001A' = {
			isa = PBXGroup;
			children = (
				UITF0001000000000000001A,
				UITF0002000000000000001A,
			);
			path = Helpers;
			sourceTree = "<group>";
		};
		'UITG0002000000000000001A' = {
			isa = PBXGroup;
			children = (
				UITF0003000000000000001A,
				UITF0004000000000000001A,
				UITF0005000000000000001A,
				UITF0006000000000000001A,
				UITF0007000000000000001A,
				UITF0008000000000000001A,
			);
			path = Screens;
			sourceTree = "<group>";
		};
		'UITG0003000000000000001A' = {
			isa = PBXGroup;
			children = (
				UITF0009000000000000001A,
				UITF000A000000000000001A,
				UITF000B000000000000001A,
				UITF000C000000000000001A,
				UITF000D000000000000001A,
				UITF000E000000000000001A,
				UITF000F000000000000001A,
				UITF0010000000000000001A,
			);
			path = Tests;
			sourceTree = "<group>";
		};
		'UTIL0001000000000000001A' = {
			isa = PBXGroup;
			children = (
				CTRK0002000000000000001A,
				WOLA0002000000000000001A,
				CEXT0001000000000000001A,
				AENV0001000000000000001A,
			);
			name = Utilities;
			path = Utilities;
			sourceTree = "<group>";
		};
/* End PBXGroup section */

/* Begin PBXNativeTarget section */
		2A000011000000000000000A /* NetMonitor */ = {
			isa = PBXNativeTarget;
			buildConfigurationList = 2A000020000000000000000A /* Build configuration list for PBXNativeTarget "NetMonitor" */;
			buildPhases = (
				2A000021000000000000000A /* Sources */,
				2A000017000000000000000A /* Frameworks */,
				2A000022000000000000000A /* Resources */,
			);
			buildRules = (
			);
			dependencies = (
			);
			name = NetMonitor;
			packageProductDependencies = (
				2510D9A02F12D19400C8C91B /* NetMonitorShared */,
			);
			productName = NetMonitor;
			productReference = 2A000013000000000000000A /* NetMonitor.app */;
			productType = "com.apple.product-type.application";
		};
		2A000023000000000000000A /* NetMonitorTests */ = {
			isa = PBXNativeTarget;
			buildConfigurationList = 2A000024000000000000000A /* Build configuration list for PBXNativeTarget "NetMonitorTests" */;
			buildPhases = (
				2A000025000000000000000A /* Sources */,
				2A000018000000000000000A /* Frameworks */,
				2A000026000000000000000A /* Resources */,
			);
			buildRules = (
			);
			dependencies = (
				2A000027000000000000000A /* PBXTargetDependency */,
			);
			name = NetMonitorTests;
			packageProductDependencies = (
			);
			productName = NetMonitorTests;
			productReference = 2A000015000000000000000A /* NetMonitorTests.xctest */;
			productType = "com.apple.product-type.bundle.unit-test";
		};
		2A000028000000000000000A /* NetMonitorUITests */ = {
			isa = PBXNativeTarget;
			buildConfigurationList = 2A000029000000000000000A /* Build configuration list for PBXNativeTarget "NetMonitorUITests" */;
			buildPhases = (
				2A00002A000000000000000A /* Sources */,
				2A000019000000000000000A /* Frameworks */,
				2A00002B000000000000000A /* Resources */,
			);
			buildRules = (
			);
			dependencies = (
				2A00002C000000000000000A /* PBXTargetDependency */,
			);
			name = NetMonitorUITests;
			packageProductDependencies = (
			);
			productName = NetMonitorUITests;
			productReference = 2A000016000000000000000A /* NetMonitorUITests.xctest */;
			productType = "com.apple.product-type.bundle.ui-testing";
		};
/* End PBXNativeTarget section */

/* Begin PBXProject section */
		2A000010000000000000000A /* Project object */ = {
			isa = PBXProject;
			attributes = {
				BuildIndependentTargetsInParallel = 1;
				LastSwiftUpdateCheck = 1600;
				LastUpgradeCheck = 1600;
				TargetAttributes = {
					2A000011000000000000000A = {
						CreatedOnToolsVersion = 16.0;
					};
					2A000023000000000000000A = {
						CreatedOnToolsVersion = 16.0;
						TestTargetID = 2A000011000000000000000A;
					};
					2A000028000000000000000A = {
						CreatedOnToolsVersion = 16.0;
						TestTargetID = 2A000011000000000000000A;
					};
				};
			};
			buildConfigurationList = 2A00002D000000000000000A /* Build configuration list for PBXProject "NetMonitor" */;
			developmentRegion = en;
			hasScannedForEncodings = 0;
			knownRegions = (
				en,
				Base,
			);
			mainGroup = 2A00001A000000000000000A;
			minimizedProjectReferenceProxies = 1;
			packageReferences = (
				2510D99F2F12D19400C8C91B /* XCLocalSwiftPackageReference "NetMonitorShared" */,
			);
			preferredProjectObjectVersion = 77;
			productRefGroup = 2A00001E000000000000000A /* Products */;
			projectDirPath = "";
			projectRoot = "";
			targets = (
				2A000011000000000000000A /* NetMonitor */,
				2A000023000000000000000A /* NetMonitorTests */,
				2A000028000000000000000A /* NetMonitorUITests */,
			);
		};
/* End PBXProject section */

/* Begin PBXResourcesBuildPhase section */
		2A000022000000000000000A /* Resources */ = {
			isa = PBXResourcesBuildPhase;
			buildActionMask = 2147483647;
			files = (
				2A000007000000000000000A /* Preview Assets.xcassets in Resources */,
				2A000005000000000000000A /* Assets.xcassets in Resources */,
			);
			runOnlyForDeploymentPostprocessing = 0;
		};
		2A000026000000000000000A /* Resources */ = {
			isa = PBXResourcesBuildPhase;
			buildActionMask = 2147483647;
			files = (
			);
			runOnlyForDeploymentPostprocessing = 0;
		};
		2A00002B000000000000000A /* Resources */ = {
			isa = PBXResourcesBuildPhase;
			buildActionMask = 2147483647;
			files = (
			);
			runOnlyForDeploymentPostprocessing = 0;
		};
/* End PBXResourcesBuildPhase section */

/* Begin PBXSourcesBuildPhase section */
		2A000021000000000000000A /* Sources */ = {
			isa = PBXSourcesBuildPhase;
			buildActionMask = 2147483647;
			files = (
				2A000003000000000000000A /* ContentView.swift in Sources */,
				2510D9A62F13024300C8C91B /* MonitoringSession.swift in Sources */,
				2510D9A72F13024300C8C91B /* TargetMeasurement.swift in Sources */,
				2510D9A82F13024300C8C91B /* NetworkTarget.swift in Sources */,
				2510D9A92F13024300C8C91B /* LocalDevice.swift in Sources */,
				DTO00001000000000000000A1,
				DTO00001000000000000000A2,
				2510D9AB2F13025400C8C91B /* SettingsView.swift in Sources */,
				2510D9AF2F13031000C8C91B /* SidebarView.swift in Sources */,
				EAD61DA40AAA0D4676EA0906 /* AddTargetSheet.swift in Sources */,
				2510D9B12F13032000C8C91B /* DashboardView.swift in Sources */,
				2510D9B32F13033000C8C91B /* TargetsView.swift in Sources */,
				2510D9B52F13034000C8C91B /* DevicesView.swift in Sources */,
				2510D9B72F13035000C8C91B /* ToolsView.swift in Sources */,
				A6661F2C5FBB49F1B1712FC1 /* TargetStatisticsView.swift in Sources */,
				2510D9B92F13036000C8C91B /* PreviewContainer.swift in Sources */,
				2A000001000000000000000A /* NetMonitorApp.swift in Sources */,
				BD9FA0B34C224F81A418BE80 /* NetworkMonitorService.swift in Sources */,
				89E04559593A462CAAA86ACE /* HTTPMonitorService.swift in Sources */,
				469702AB229FA4BA93AF5983 /* NetMonitor/Services/MonitoringSession.swift in Sources */,
				EA0BF39708E4C575FEB755C7 /* ICMPSocket.swift in Sources */,
				797B8A019436F78CCC11BFA9 /* ICMPMonitorService.swift in Sources */,
				DDSC0001000000000000001A,
				ARPS0001000000000000001A,
				BNJR0001000000000000001A,
				DDCC0001000000000000001A /* DeviceDiscoveryCoordinator.swift in Sources */,
				MACV0001000000000000001A,
				DVRW0001000000000000001A,
				DVDT0001000000000000001A,
				MBRC0001000000000000001A,
				MBPV0001000000000000001A,
				MBCM0001000000000000001A,
				CSVC0001000000000000001A,
				CMHD0001000000000000001A,
				LOGG0001000000000000001A,
				WOLS0001000000000000001A,
				SHCR0001000000000000001A,
				DVNR47E99A898BDB9F015F2E,
				PPNG0001000000000000001A,
				TCPM0002000000000000001A,
				TRCS0001000000000000001A,
				CTRK0001000000000000001A,
				WOLA0001000000000000001A,
				PNGT0002000000000000001A,
				DNST0002000000000000001A,
				WHST0002000000000000001A,
				TRRT0002000000000000001A,
				PRST0002000000000000001A,
				SPDT0002000000000000001A,
				BNJT0002000000000000001A,
				WOLT0001000000000000001A,
				TSCV0001000000000000001A,
				GNSV0002000000000000001A,
				MNSV0002000000000000001A,
				NTSV0002000000000000001A,
				NWSV0002000000000000001A,
				DTSV0002000000000000001A,
				APSV0002000000000000001A,
				CPSV0002000000000000001A,
				GTIC0002000000000000001A,
				NWIS0001000000000000001A,
				CNIC0001000000000000001A,
				DFTP0001000000000000001A,
				NTFS0001000000000000001A,
				ISPL0001000000000000001A,
				STTS0001000000000000001A,
				ISIC0001000000000000001A,
				QKSB0001000000000000001A,
				LVDV0001000000000000001A,
				CEXT0002000000000000001A,
				AENV0002000000000000001A,
				C99FAE4B96A648BB988FCBF5 /* NetMonitorError.swift in Sources */,
				5E290323F66B46168C7AC931 /* SchemaV1.swift in Sources */,
				459A583AE7BE458EBB87282F /* NavigationSection.swift in Sources */,
				ENEX0001000000000000001A,
				FAA54EFA87A11E68143A7323 /* WindowOpener.swift in Sources */,
			);
			runOnlyForDeploymentPostprocessing = 0;
		};
		2A000025000000000000000A /* Sources */ = {
			isa = PBXSourcesBuildPhase;
			buildActionMask = 2147483647;
			files = (
				2A000009000000000000000A /* NetMonitorTests.swift in Sources */,
				063CF5C1823A4BAAA96F8B7B /* NetworkMonitorServiceTests.swift in Sources */,
				DF61159D6D01427DAA18BFCE /* HTTPMonitorServiceTests.swift in Sources */,
				DDSC0003000000000000001A,
				ARPS0003000000000000001A,
				BNJR0003000000000000001A,
				DDCC0003000000000000001A /* DeviceDiscoveryCoordinatorTests.swift in Sources */,
				MACV0003000000000000001A,
				CMPT0001000000000000001A,
				CSVC0003000000000000001A,
				SCRT0002000000000000001A,
				"SCRT-00003072558989684779645",
				"SCRT-00008637475560693238271",
				"SCRT-00008303957783835320296",
				"SCRT-00002034811960642223842",
				"SCRT-00007418570625998133156",
				PPST0002000000000000001A,
				TSTM0003000000000000001A,
				TSTM0005000000000000001A,
				TSTM0007000000000000001A,
				TSTM0009000000000000001A,
				TSTM000B000000000000001A,
				TSTM000D000000000000001A,
				416971A1BED518E422502B7D /* ModelTests.swift in Sources */,
				7A3B4DB9BA9A9B4D897E3BF8 /* WHOISInfoTests.swift in Sources */,
				7BF9514EDD13A28EF17F4B26 /* ReleaseValidationTests.swift in Sources */,
				5A3229B7BD0A47A45FAF84F9 /* ICMPSocketTests.swift in Sources */,
				CA3999DC49BC21FCC46F6671 /* TracerouteServiceTests.swift in Sources */,
				BDECC0C75C1B8726286C6EB2 /* SmokeTests.swift in Sources */,
			);
			runOnlyForDeploymentPostprocessing = 0;
		};
		2A00002A000000000000000A /* Sources */ = {
			isa = PBXSourcesBuildPhase;
			buildActionMask = 2147483647;
			files = (
				2A00000D000000000000000A /* NetMonitorUITestsLaunchTests.swift in Sources */,
				2A00000B000000000000000A /* NetMonitorUITests.swift in Sources */,
				UITB0001000000000000001A,
				UITB0002000000000000001A,
				UITB0003000000000000001A,
				UITB0004000000000000001A,
				UITB0005000000000000001A,
				UITB0006000000000000001A,
				UITB0007000000000000001A,
				UITB0008000000000000001A,
				UITB0009000000000000001A,
				UITB000A000000000000001A,
				UITB000B000000000000001A,
				UITB000C000000000000001A,
				UITB000D000000000000001A,
				UITB000E000000000000001A,
				UITB000F000000000000001A,
				UITB0010000000000000001A,
			);
			runOnlyForDeploymentPostprocessing = 0;
		};
/* End PBXSourcesBuildPhase section */

/* Begin PBXTargetDependency section */
		2A000027000000000000000A /* PBXTargetDependency */ = {
			isa = PBXTargetDependency;
			target = 2A000011000000000000000A /* NetMonitor */;
			targetProxy = 2A00000F000000000000000A /* PBXContainerItemProxy */;
		};
		2A00002C000000000000000A /* PBXTargetDependency */ = {
			isa = PBXTargetDependency;
			target = 2A000011000000000000000A /* NetMonitor */;
			targetProxy = 2A000012000000000000000A /* PBXContainerItemProxy */;
		};
/* End PBXTargetDependency section */

/* Begin XCBuildConfiguration section */
		2A00002E000000000000000A /* Debug */ = {
			isa = XCBuildConfiguration;
			buildSettings = {
				ALWAYS_SEARCH_USER_PATHS = NO;
				ASSETCATALOG_COMPILER_GENERATE_SWIFT_ASSET_SYMBOL_EXTENSIONS = YES;
				CLANG_ANALYZER_NONNULL = YES;
				CLANG_ANALYZER_NUMBER_OBJECT_CONVERSION = YES_AGGRESSIVE;
				CLANG_CXX_LANGUAGE_STANDARD = "gnu++20";
				CLANG_ENABLE_MODULES = YES;
				CLANG_ENABLE_OBJC_ARC = YES;
				CLANG_ENABLE_OBJC_WEAK = YES;
				CLANG_WARN_BLOCK_CAPTURE_AUTORELEASING = YES;
				CLANG_WARN_BOOL_CONVERSION = YES;
				CLANG_WARN_COMMA = YES;
				CLANG_WARN_CONSTANT_CONVERSION = YES;
				CLANG_WARN_DEPRECATED_OBJC_IMPLEMENTATIONS = YES;
				CLANG_WARN_DIRECT_OBJC_ISA_USAGE = YES_ERROR;
				CLANG_WARN_DOCUMENTATION_COMMENTS = YES;
				CLANG_WARN_EMPTY_BODY = YES;
				CLANG_WARN_ENUM_CONVERSION = YES;
				CLANG_WARN_INFINITE_RECURSION = YES;
				CLANG_WARN_INT_CONVERSION = YES;
				CLANG_WARN_NON_LITERAL_NULL_CONVERSION = YES;
				CLANG_WARN_OBJC_IMPLICIT_RETAIN_SELF = YES;
				CLANG_WARN_OBJC_LITERAL_CONVERSION = YES;
				CLANG_WARN_OBJC_ROOT_CLASS = YES_ERROR;
				CLANG_WARN_QUOTED_INCLUDE_IN_FRAMEWORK_HEADER = YES;
				CLANG_WARN_RANGE_LOOP_ANALYSIS = YES;
				CLANG_WARN_STRICT_PROTOTYPES = YES;
				CLANG_WARN_SUSPICIOUS_MOVE = YES;
				CLANG_WARN_UNGUARDED_AVAILABILITY = YES_AGGRESSIVE;
				CLANG_WARN_UNREACHABLE_CODE = YES;
				CLANG_WARN__DUPLICATE_METHOD_MATCH = YES;
				COPY_PHASE_STRIP = NO;
				DEBUG_INFORMATION_FORMAT = dwarf;
				ENABLE_STRICT_OBJC_MSGSEND = YES;
				ENABLE_TESTABILITY = YES;
				ENABLE_USER_SCRIPT_SANDBOXING = YES;
				GCC_C_LANGUAGE_STANDARD = gnu17;
				GCC_DYNAMIC_NO_PIC = NO;
				GCC_NO_COMMON_BLOCKS = YES;
				GCC_OPTIMIZATION_LEVEL = 0;
				GCC_PREPROCESSOR_DEFINITIONS = (
					"DEBUG=1",
					"$(inherited)",
				);
				GCC_WARN_64_TO_32_BIT_CONVERSION = YES;
				GCC_WARN_ABOUT_RETURN_TYPE = YES_ERROR;
				GCC_WARN_UNDECLARED_SELECTOR = YES;
				GCC_WARN_UNINITIALIZED_AUTOS = YES_AGGRESSIVE;
				GCC_WARN_UNUSED_FUNCTION = YES;
				GCC_WARN_UNUSED_VARIABLE = YES;
				LOCALIZATION_PREFERS_STRING_CATALOGS = YES;
				MACOSX_DEPLOYMENT_TARGET = 15.0;
				MTL_ENABLE_DEBUG_INFO = INCLUDE_SOURCE;
				MTL_FAST_MATH = YES;
				ONLY_ACTIVE_ARCH = YES;
				SDKROOT = macosx;
				SWIFT_ACTIVE_COMPILATION_CONDITIONS = "DEBUG $(inherited)";
				SWIFT_OPTIMIZATION_LEVEL = "-Onone";
				SWIFT_STRICT_CONCURRENCY = complete;
				SWIFT_VERSION = 6.0;
			};
			name = Debug;
		};
		2A00002F000000000000000A /* Release */ = {
			isa = XCBuildConfiguration;
			buildSettings = {
				ALWAYS_SEARCH_USER_PATHS = NO;
				ASSETCATALOG_COMPILER_GENERATE_SWIFT_ASSET_SYMBOL_EXTENSIONS = YES;
				CLANG_ANALYZER_NONNULL = YES;
				CLANG_ANALYZER_NUMBER_OBJECT_CONVERSION = YES_AGGRESSIVE;
				CLANG_CXX_LANGUAGE_STANDARD = "gnu++20";
				CLANG_ENABLE_MODULES = YES;
				CLANG_ENABLE_OBJC_ARC = YES;
				CLANG_ENABLE_OBJC_WEAK = YES;
				CLANG_WARN_BLOCK_CAPTURE_AUTORELEASING = YES;
				CLANG_WARN_BOOL_CONVERSION = YES;
				CLANG_WARN_COMMA = YES;
				CLANG_WARN_CONSTANT_CONVERSION = YES;
				CLANG_WARN_DEPRECATED_OBJC_IMPLEMENTATIONS = YES;
				CLANG_WARN_DIRECT_OBJC_ISA_USAGE = YES_ERROR;
				CLANG_WARN_DOCUMENTATION_COMMENTS = YES;
				CLANG_WARN_EMPTY_BODY = YES;
				CLANG_WARN_ENUM_CONVERSION = YES;
				CLANG_WARN_INFINITE_RECURSION = YES;
				CLANG_WARN_INT_CONVERSION = YES;
				CLANG_WARN_NON_LITERAL_NULL_CONVERSION = YES;
				CLANG_WARN_OBJC_IMPLICIT_RETAIN_SELF = YES;
				CLANG_WARN_OBJC_LITERAL_CONVERSION = YES;
				CLANG_WARN_OBJC_ROOT_CLASS = YES_ERROR;
				CLANG_WARN_QUOTED_INCLUDE_IN_FRAMEWORK_HEADER = YES;
				CLANG_WARN_RANGE_LOOP_ANALYSIS = YES;
				CLANG_WARN_STRICT_PROTOTYPES = YES;
				CLANG_WARN_SUSPICIOUS_MOVE = YES;
				CLANG_WARN_UNGUARDED_AVAILABILITY = YES_AGGRESSIVE;
				CLANG_WARN_UNREACHABLE_CODE = YES;
				CLANG_WARN__DUPLICATE_METHOD_MATCH = YES;
				COPY_PHASE_STRIP = NO;
				DEBUG_INFORMATION_FORMAT = "dwarf-with-dsym";
				ENABLE_NS_ASSERTIONS = NO;
				ENABLE_STRICT_OBJC_MSGSEND = YES;
				ENABLE_USER_SCRIPT_SANDBOXING = YES;
				GCC_C_LANGUAGE_STANDARD = gnu17;
				GCC_NO_COMMON_BLOCKS = YES;
				GCC_WARN_64_TO_32_BIT_CONVERSION = YES;
				GCC_WARN_ABOUT_RETURN_TYPE = YES_ERROR;
				GCC_WARN_UNDECLARED_SELECTOR = YES;
				GCC_WARN_UNINITIALIZED_AUTOS = YES_AGGRESSIVE;
				GCC_WARN_UNUSED_FUNCTION = YES;
				GCC_WARN_UNUSED_VARIABLE = YES;
				LOCALIZATION_PREFERS_STRING_CATALOGS = YES;
				MACOSX_DEPLOYMENT_TARGET = 15.0;
				MTL_ENABLE_DEBUG_INFO = NO;
				MTL_FAST_MATH = YES;
				SDKROOT = macosx;
				SWIFT_COMPILATION_MODE = wholemodule;
				SWIFT_STRICT_CONCURRENCY = complete;
				SWIFT_VERSION = 6.0;
			};
			name = Release;
		};
		2A000030000000000000000A /* Debug */ = {
			isa = XCBuildConfiguration;
			buildSettings = {
				ASSETCATALOG_COMPILER_APPICON_NAME = AppIcon;
				ASSETCATALOG_COMPILER_GLOBAL_ACCENT_COLOR_NAME = AccentColor;
				CODE_SIGN_ENTITLEMENTS = NetMonitor/NetMonitor.entitlements;
				CODE_SIGN_STYLE = Automatic;
				COMBINE_HIDPI_IMAGES = YES;
				CURRENT_PROJECT_VERSION = 7;
				DEVELOPMENT_ASSET_PATHS = "\"NetMonitor/Preview Content\"";
				ENABLE_PREVIEWS = YES;
				GENERATE_INFOPLIST_FILE = YES;
				INFOPLIST_KEY_LSApplicationCategoryType = "public.app-category.utilities";
				INFOPLIST_KEY_NSHumanReadableCopyright = "";
				LD_RUNPATH_SEARCH_PATHS = (
					"$(inherited)",
					"@executable_path/../Frameworks",
				);
				MARKETING_VERSION = 1.0;
				PRODUCT_BUNDLE_IDENTIFIER = com.netmonitor.NetMonitor;
				PRODUCT_NAME = "$(TARGET_NAME)";
				SWIFT_EMIT_LOC_STRINGS = YES;
				SWIFT_STRICT_CONCURRENCY = complete;
				SWIFT_VERSION = 6.0;
			};
			name = Debug;
		};
		2A000031000000000000000A /* Release */ = {
			isa = XCBuildConfiguration;
			buildSettings = {
				ASSETCATALOG_COMPILER_APPICON_NAME = AppIcon;
				ASSETCATALOG_COMPILER_GLOBAL_ACCENT_COLOR_NAME = AccentColor;
				CODE_SIGN_ENTITLEMENTS = NetMonitor/NetMonitor.entitlements;
				CODE_SIGN_STYLE = Automatic;
				COMBINE_HIDPI_IMAGES = YES;
				CURRENT_PROJECT_VERSION = 7;
				DEVELOPMENT_ASSET_PATHS = "\"NetMonitor/Preview Content\"";
				ENABLE_PREVIEWS = YES;
				GENERATE_INFOPLIST_FILE = YES;
				INFOPLIST_KEY_LSApplicationCategoryType = "public.app-category.utilities";
				INFOPLIST_KEY_NSHumanReadableCopyright = "";
				LD_RUNPATH_SEARCH_PATHS = (
					"$(inherited)",
					"@executable_path/../Frameworks",
				);
				MARKETING_VERSION = 1.0;
				PRODUCT_BUNDLE_IDENTIFIER = com.netmonitor.NetMonitor;
				PRODUCT_NAME = "$(TARGET_NAME)";
				SWIFT_EMIT_LOC_STRINGS = YES;
				SWIFT_STRICT_CONCURRENCY = complete;
				SWIFT_VERSION = 6.0;
			};
			name = Release;
		};
		2A000032000000000000000A /* Debug */ = {
			isa = XCBuildConfiguration;
			buildSettings = {
				BUNDLE_LOADER = "$(TEST_HOST)";
				CODE_SIGN_STYLE = Automatic;
				CURRENT_PROJECT_VERSION = 7;
				GENERATE_INFOPLIST_FILE = YES;
				MACOSX_DEPLOYMENT_TARGET = 15.0;
				MARKETING_VERSION = 1.0;
				PRODUCT_BUNDLE_IDENTIFIER = com.netmonitor.NetMonitorTests;
				PRODUCT_NAME = "$(TARGET_NAME)";
				SWIFT_EMIT_LOC_STRINGS = NO;
				SWIFT_STRICT_CONCURRENCY = complete;
				SWIFT_VERSION = 6.0;
				TEST_HOST = "$(BUILT_PRODUCTS_DIR)/NetMonitor.app/$(BUNDLE_EXECUTABLE_FOLDER_PATH)/NetMonitor";
			};
			name = Debug;
		};
		2A000033000000000000000A /* Release */ = {
			isa = XCBuildConfiguration;
			buildSettings = {
				BUNDLE_LOADER = "$(TEST_HOST)";
				CODE_SIGN_STYLE = Automatic;
				CURRENT_PROJECT_VERSION = 7;
				GENERATE_INFOPLIST_FILE = YES;
				MACOSX_DEPLOYMENT_TARGET = 15.0;
				MARKETING_VERSION = 1.0;
				PRODUCT_BUNDLE_IDENTIFIER = com.netmonitor.NetMonitorTests;
				PRODUCT_NAME = "$(TARGET_NAME)";
				SWIFT_EMIT_LOC_STRINGS = NO;
				SWIFT_STRICT_CONCURRENCY = complete;
				SWIFT_VERSION = 6.0;
				TEST_HOST = "$(BUILT_PRODUCTS_DIR)/NetMonitor.app/$(BUNDLE_EXECUTABLE_FOLDER_PATH)/NetMonitor";
			};
			name = Release;
		};
		2A000034000000000000000A /* Debug */ = {
			isa = XCBuildConfiguration;
			buildSettings = {
				CODE_SIGN_STYLE = Automatic;
				CURRENT_PROJECT_VERSION = 7;
				GENERATE_INFOPLIST_FILE = YES;
				MARKETING_VERSION = 1.0;
				PRODUCT_BUNDLE_IDENTIFIER = com.netmonitor.NetMonitorUITests;
				PRODUCT_NAME = "$(TARGET_NAME)";
				SWIFT_EMIT_LOC_STRINGS = NO;
				SWIFT_STRICT_CONCURRENCY = complete;
				SWIFT_VERSION = 6.0;
				TEST_TARGET_NAME = NetMonitor;
			};
			name = Debug;
		};
		2A000035000000000000000A /* Release */ = {
			isa = XCBuildConfiguration;
			buildSettings = {
				CODE_SIGN_STYLE = Automatic;
				CURRENT_PROJECT_VERSION = 7;
				GENERATE_INFOPLIST_FILE = YES;
				MARKETING_VERSION = 1.0;
				PRODUCT_BUNDLE_IDENTIFIER = com.netmonitor.NetMonitorUITests;
				PRODUCT_NAME = "$(TARGET_NAME)";
				SWIFT_EMIT_LOC_STRINGS = NO;
				SWIFT_STRICT_CONCURRENCY = complete;
				SWIFT_VERSION = 6.0;
				TEST_TARGET_NAME = NetMonitor;
			};
			name = Release;
		};
/* End XCBuildConfiguration section */

/* Begin XCConfigurationList section */
		2A000020000000000000000A /* Build configuration list for PBXNativeTarget "NetMonitor" */ = {
			isa = XCConfigurationList;
			buildConfigurations = (
				2A000030000000000000000A /* Debug */,
				2A000031000000000000000A /* Release */,
			);
			defaultConfigurationIsVisible = 0;
			defaultConfigurationName = Release;
		};
		2A000024000000000000000A /* Build configuration list for PBXNativeTarget "NetMonitorTests" */ = {
			isa = XCConfigurationList;
			buildConfigurations = (
				2A000032000000000000000A /* Debug */,
				2A000033000000000000000A /* Release */,
			);
			defaultConfigurationIsVisible = 0;
			defaultConfigurationName = Release;
		};
		2A000029000000000000000A /* Build configuration list for PBXNativeTarget "NetMonitorUITests" */ = {
			isa = XCConfigurationList;
			buildConfigurations = (
				2A000034000000000000000A /* Debug */,
				2A000035000000000000000A /* Release */,
			);
			defaultConfigurationIsVisible = 0;
			defaultConfigurationName = Release;
		};
		2A00002D000000000000000A /* Build configuration list for PBXProject "NetMonitor" */ = {
			isa = XCConfigurationList;
			buildConfigurations = (
				2A00002E000000000000000A /* Debug */,
				2A00002F000000000000000A /* Release */,
			);
			defaultConfigurationIsVisible = 0;
			defaultConfigurationName = Release;
		};
/* End XCConfigurationList section */

/* Begin XCLocalSwiftPackageReference section */
		2510D99F2F12D19400C8C91B /* XCLocalSwiftPackageReference "NetMonitorShared" */ = {
			isa = XCLocalSwiftPackageReference;
			relativePath = NetMonitorShared;
		};
/* End XCLocalSwiftPackageReference section */

/* Begin XCSwiftPackageProductDependency section */
		2510D9A02F12D19400C8C91B /* NetMonitorShared */ = {
			isa = XCSwiftPackageProductDependency;
			productName = NetMonitorShared;
		};
/* End XCSwiftPackageProductDependency section */
	};
	rootObject = 2A000010000000000000000A /* Project object */;
}
